// !$*UTF8*$!
{
	archiveVersion = 1;
	classes = {
	};
	objectVersion = 46;
	objects = {

/* Begin PBXBuildFile section */
		9214770C17D0965800C0F067 /* Chat.m in Sources */ = {isa = PBXBuildFile; fileRef = 9214770A17D0965800C0F067 /* Chat.m */; };
		9214770D17D0965800C0F067 /* Chat.xib in Resources */ = {isa = PBXBuildFile; fileRef = 9214770B17D0965800C0F067 /* Chat.xib */; };
		9214771417D09C2000C0F067 /* BlueBubble2.png in Resources */ = {isa = PBXBuildFile; fileRef = 9214771017D09C2000C0F067 /* BlueBubble2.png */; };
		9214771517D09C2000C0F067 /* GreenBubble2.png in Resources */ = {isa = PBXBuildFile; fileRef = 9214771117D09C2000C0F067 /* GreenBubble2.png */; };
		9214771617D09C2000C0F067 /* aqua.png in Resources */ = {isa = PBXBuildFile; fileRef = 9214771217D09C2000C0F067 /* aqua.png */; };
		9214771717D09C2000C0F067 /* orange.png in Resources */ = {isa = PBXBuildFile; fileRef = 9214771317D09C2000C0F067 /* orange.png */; };
		9214771817D09EF600C0F067 /* MessageCell.m in Sources */ = {isa = PBXBuildFile; fileRef = 9214770F17D09BF100C0F067 /* MessageCell.m */; };
		9218DB0F17D085B60000EA56 /* AFHTTPClient.m in Sources */ = {isa = PBXBuildFile; fileRef = 9218DAFB17D085B60000EA56 /* AFHTTPClient.m */; settings = {COMPILER_FLAGS = "-fno-objc-arc"; }; };
		9218DB1017D085B60000EA56 /* AFHTTPRequestOperation.m in Sources */ = {isa = PBXBuildFile; fileRef = 9218DAFD17D085B60000EA56 /* AFHTTPRequestOperation.m */; settings = {COMPILER_FLAGS = "-fno-objc-arc"; }; };
		9218DB1117D085B60000EA56 /* AFImageCache.m in Sources */ = {isa = PBXBuildFile; fileRef = 9218DAFF17D085B60000EA56 /* AFImageCache.m */; settings = {COMPILER_FLAGS = "-fno-objc-arc"; }; };
		9218DB1217D085B60000EA56 /* AFImageRequestOperation.m in Sources */ = {isa = PBXBuildFile; fileRef = 9218DB0117D085B60000EA56 /* AFImageRequestOperation.m */; settings = {COMPILER_FLAGS = "-fno-objc-arc"; }; };
		9218DB1317D085B60000EA56 /* AFJSONRequestOperation.m in Sources */ = {isa = PBXBuildFile; fileRef = 9218DB0317D085B60000EA56 /* AFJSONRequestOperation.m */; settings = {COMPILER_FLAGS = "-fno-objc-arc"; }; };
		9218DB1417D085B60000EA56 /* AFNetworkActivityIndicatorManager.m in Sources */ = {isa = PBXBuildFile; fileRef = 9218DB0517D085B60000EA56 /* AFNetworkActivityIndicatorManager.m */; settings = {COMPILER_FLAGS = "-fno-objc-arc"; }; };
		9218DB1517D085B60000EA56 /* AFPropertyListRequestOperation.m in Sources */ = {isa = PBXBuildFile; fileRef = 9218DB0817D085B60000EA56 /* AFPropertyListRequestOperation.m */; settings = {COMPILER_FLAGS = "-fno-objc-arc"; }; };
		9218DB1617D085B60000EA56 /* AFURLConnectionOperation.m in Sources */ = {isa = PBXBuildFile; fileRef = 9218DB0A17D085B60000EA56 /* AFURLConnectionOperation.m */; settings = {COMPILER_FLAGS = "-fno-objc-arc"; }; };
		9218DB1717D085B60000EA56 /* AFXMLRequestOperation.m in Sources */ = {isa = PBXBuildFile; fileRef = 9218DB0C17D085B60000EA56 /* AFXMLRequestOperation.m */; settings = {COMPILER_FLAGS = "-fno-objc-arc"; }; };
		9218DB1817D085B60000EA56 /* UIImageView+AFNetworking.m in Sources */ = {isa = PBXBuildFile; fileRef = 9218DB0E17D085B60000EA56 /* UIImageView+AFNetworking.m */; settings = {COMPILER_FLAGS = "-fno-objc-arc"; }; };
		9218DB1C17D089CA0000EA56 /* Friends.m in Sources */ = {isa = PBXBuildFile; fileRef = 9218DB1A17D089CA0000EA56 /* Friends.m */; };
		9218DB1D17D089CA0000EA56 /* Friends.xib in Resources */ = {isa = PBXBuildFile; fileRef = 9218DB1B17D089CA0000EA56 /* Friends.xib */; };
		92456C9717D19AB7005CB5D4 /* setting@2x.png in Resources */ = {isa = PBXBuildFile; fileRef = 92456C9617D19AB7005CB5D4 /* setting@2x.png */; };
		92456C9817D19B1B005CB5D4 /* SettingView.xib in Resources */ = {isa = PBXBuildFile; fileRef = 92456C9517D19949005CB5D4 /* SettingView.xib */; };
		92456C9917D19B36005CB5D4 /* SettingView.m in Sources */ = {isa = PBXBuildFile; fileRef = 92456C9417D19948005CB5D4 /* SettingView.m */; };
		92456C9C17D19BA3005CB5D4 /* SettingModel.m in Sources */ = {isa = PBXBuildFile; fileRef = 92456C9B17D19B93005CB5D4 /* SettingModel.m */; };
		92456C9D17D19CA7005CB5D4 /* LocalConfig.m in Sources */ = {isa = PBXBuildFile; fileRef = 924DEB0B17C7456D008EA392 /* LocalConfig.m */; };
		92456C9F17D19CE8005CB5D4 /* more@2x.png in Resources */ = {isa = PBXBuildFile; fileRef = 92456C9E17D19CE8005CB5D4 /* more@2x.png */; };
		92456CA317D19EE2005CB5D4 /* LoginView.xib in Resources */ = {isa = PBXBuildFile; fileRef = 92456CA217D19DD1005CB5D4 /* LoginView.xib */; };
		92456CA417D19EF5005CB5D4 /* LoginView.m in Sources */ = {isa = PBXBuildFile; fileRef = 92456CA117D19DD1005CB5D4 /* LoginView.m */; };
		924DE99A17C737A9008EA392 /* UIKit.framework in Frameworks */ = {isa = PBXBuildFile; fileRef = 924DE99917C737A9008EA392 /* UIKit.framework */; };
		924DE99C17C737A9008EA392 /* Foundation.framework in Frameworks */ = {isa = PBXBuildFile; fileRef = 924DE99B17C737A9008EA392 /* Foundation.framework */; };
		924DE99E17C737A9008EA392 /* CoreGraphics.framework in Frameworks */ = {isa = PBXBuildFile; fileRef = 924DE99D17C737A9008EA392 /* CoreGraphics.framework */; };
		924DE9A417C737A9008EA392 /* InfoPlist.strings in Resources */ = {isa = PBXBuildFile; fileRef = 924DE9A217C737A9008EA392 /* InfoPlist.strings */; };
		924DE9A617C737A9008EA392 /* main.m in Sources */ = {isa = PBXBuildFile; fileRef = 924DE9A517C737A9008EA392 /* main.m */; };
		924DE9AA17C737A9008EA392 /* AppDelegate.m in Sources */ = {isa = PBXBuildFile; fileRef = 924DE9A917C737A9008EA392 /* AppDelegate.m */; };
		924DEA8317C73E59008EA392 /* answer@2x.png in Resources */ = {isa = PBXBuildFile; fileRef = 924DEA8217C73E59008EA392 /* answer@2x.png */; };
		924DEAF117C74395008EA392 /* QuartzCore.framework in Frameworks */ = {isa = PBXBuildFile; fileRef = 924DEAF017C74395008EA392 /* QuartzCore.framework */; };
		924DEAF317C743A0008EA392 /* MapKit.framework in Frameworks */ = {isa = PBXBuildFile; fileRef = 924DEAF217C743A0008EA392 /* MapKit.framework */; };
		924DEAF517C743AD008EA392 /* CoreLocation.framework in Frameworks */ = {isa = PBXBuildFile; fileRef = 924DEAF417C743AC008EA392 /* CoreLocation.framework */; };
		924DEB1217C745FA008EA392 /* NewsView.m in Sources */ = {isa = PBXBuildFile; fileRef = 924DEB1017C745FA008EA392 /* NewsView.m */; };
		924DEB1317C745FA008EA392 /* NewsView.xib in Resources */ = {isa = PBXBuildFile; fileRef = 924DEB1117C745FA008EA392 /* NewsView.xib */; };
		924DEB1417C74659008EA392 /* NewsBase.m in Sources */ = {isa = PBXBuildFile; fileRef = 924DEAFC17C74426008EA392 /* NewsBase.m */; };
		924DEB1517C74756008EA392 /* ListViewController.m in Sources */ = {isa = PBXBuildFile; fileRef = 924DEAD017C742EC008EA392 /* ListViewController.m */; settings = {COMPILER_FLAGS = "-fno-objc-arc"; }; };
		924DEB1617C74831008EA392 /* EGORefreshTableHeaderView.m in Sources */ = {isa = PBXBuildFile; fileRef = 924DEABB17C74200008EA392 /* EGORefreshTableHeaderView.m */; settings = {COMPILER_FLAGS = "-fno-objc-arc"; }; };
		924DEB1717C74B56008EA392 /* NewsBase.xib in Resources */ = {isa = PBXBuildFile; fileRef = 924DEAFD17C74426008EA392 /* NewsBase.xib */; };
		924DEB1917C74C0C008EA392 /* info@2x.png in Resources */ = {isa = PBXBuildFile; fileRef = 924DEB1817C74C0C008EA392 /* info@2x.png */; };
		924DEB1A17C74E2C008EA392 /* SVProgressHUD.m in Sources */ = {isa = PBXBuildFile; fileRef = 924DEAD617C742EC008EA392 /* SVProgressHUD.m */; settings = {COMPILER_FLAGS = "-fno-objc-arc"; }; };
		924DEB3017C75011008EA392 /* JSONKit.m in Sources */ = {isa = PBXBuildFile; fileRef = 924DEACE17C742EC008EA392 /* JSONKit.m */; settings = {COMPILER_FLAGS = "-fno-objc-arc"; }; };
		924DEB3117C7526D008EA392 /* NewsCell.m in Sources */ = {isa = PBXBuildFile; fileRef = 924DEA8D17C73F9F008EA392 /* NewsCell.m */; };
		924DEB3217C7554C008EA392 /* NewsCell.xib in Resources */ = {isa = PBXBuildFile; fileRef = 924DEA8E17C73F9F008EA392 /* NewsCell.xib */; };
		924DEB3417C7572D008EA392 /* searchWhite@2x.png in Resources */ = {isa = PBXBuildFile; fileRef = 924DEB3317C7572D008EA392 /* searchWhite@2x.png */; };
		924DEB3817C76023008EA392 /* XMPPBase.m in Sources */ = {isa = PBXBuildFile; fileRef = 924DEB3617C76023008EA392 /* XMPPBase.m */; };
		924DEB3917C76023008EA392 /* XMPPBase.xib in Resources */ = {isa = PBXBuildFile; fileRef = 924DEB3717C76023008EA392 /* XMPPBase.xib */; };
		924DEB3B17C76060008EA392 /* tweet@2x.png in Resources */ = {isa = PBXBuildFile; fileRef = 924DEB3A17C76060008EA392 /* tweet@2x.png */; };
		924DED3417C76CBE008EA392 /* SystemConfiguration.framework in Frameworks */ = {isa = PBXBuildFile; fileRef = 924DED3317C76CBD008EA392 /* SystemConfiguration.framework */; };
		924DED3617C76D46008EA392 /* CoreData.framework in Frameworks */ = {isa = PBXBuildFile; fileRef = 924DED3517C76D46008EA392 /* CoreData.framework */; };
		9256C1F017CF1A1B00DE9AD7 /* Statics.m in Sources */ = {isa = PBXBuildFile; fileRef = 9256C1EE17CF19F800DE9AD7 /* Statics.m */; };
		9256C27D17CF1E8800DE9AD7 /* XMPPAnonymousAuthentication.h in Sources */ = {isa = PBXBuildFile; fileRef = 9256C1F417CF1E1F00DE9AD7 /* XMPPAnonymousAuthentication.h */; };
		9256C27E17CF1E8800DE9AD7 /* XMPPAnonymousAuthentication.m in Sources */ = {isa = PBXBuildFile; fileRef = 9256C1F517CF1E1F00DE9AD7 /* XMPPAnonymousAuthentication.m */; };
		9256C27F17CF1E8800DE9AD7 /* XMPPDeprecatedDigestAuthentication.h in Sources */ = {isa = PBXBuildFile; fileRef = 9256C1F717CF1E1F00DE9AD7 /* XMPPDeprecatedDigestAuthentication.h */; };
		9256C28017CF1E8800DE9AD7 /* XMPPDeprecatedDigestAuthentication.m in Sources */ = {isa = PBXBuildFile; fileRef = 9256C1F817CF1E1F00DE9AD7 /* XMPPDeprecatedDigestAuthentication.m */; };
		9256C28117CF1E8800DE9AD7 /* XMPPDeprecatedPlainAuthentication.h in Sources */ = {isa = PBXBuildFile; fileRef = 9256C1FA17CF1E1F00DE9AD7 /* XMPPDeprecatedPlainAuthentication.h */; };
		9256C28217CF1E8800DE9AD7 /* XMPPDeprecatedPlainAuthentication.m in Sources */ = {isa = PBXBuildFile; fileRef = 9256C1FB17CF1E1F00DE9AD7 /* XMPPDeprecatedPlainAuthentication.m */; };
		9256C28317CF1E8800DE9AD7 /* XMPPDigestMD5Authentication.h in Sources */ = {isa = PBXBuildFile; fileRef = 9256C1FD17CF1E1F00DE9AD7 /* XMPPDigestMD5Authentication.h */; };
		9256C28417CF1E8800DE9AD7 /* XMPPDigestMD5Authentication.m in Sources */ = {isa = PBXBuildFile; fileRef = 9256C1FE17CF1E1F00DE9AD7 /* XMPPDigestMD5Authentication.m */; };
		9256C28517CF1E8800DE9AD7 /* XMPPPlainAuthentication.h in Sources */ = {isa = PBXBuildFile; fileRef = 9256C20017CF1E1F00DE9AD7 /* XMPPPlainAuthentication.h */; };
		9256C28617CF1E8800DE9AD7 /* XMPPPlainAuthentication.m in Sources */ = {isa = PBXBuildFile; fileRef = 9256C20117CF1E1F00DE9AD7 /* XMPPPlainAuthentication.m */; };
		9256C28717CF1E8800DE9AD7 /* XMPPXFacebookPlatformAuthentication.h in Sources */ = {isa = PBXBuildFile; fileRef = 9256C20317CF1E1F00DE9AD7 /* XMPPXFacebookPlatformAuthentication.h */; };
		9256C28817CF1E8800DE9AD7 /* XMPPXFacebookPlatformAuthentication.m in Sources */ = {isa = PBXBuildFile; fileRef = 9256C20417CF1E1F00DE9AD7 /* XMPPXFacebookPlatformAuthentication.m */; };
		9256C28917CF1E8800DE9AD7 /* XMPPSASLAuthentication.h in Sources */ = {isa = PBXBuildFile; fileRef = 9256C20517CF1E1F00DE9AD7 /* XMPPSASLAuthentication.h */; };
		9256C28A17CF1E8800DE9AD7 /* NSData+XMPP.h in Sources */ = {isa = PBXBuildFile; fileRef = 9256C20717CF1E1F00DE9AD7 /* NSData+XMPP.h */; };
		9256C28B17CF1E8800DE9AD7 /* NSData+XMPP.m in Sources */ = {isa = PBXBuildFile; fileRef = 9256C20817CF1E1F00DE9AD7 /* NSData+XMPP.m */; };
		9256C28C17CF1E8800DE9AD7 /* NSNumber+XMPP.h in Sources */ = {isa = PBXBuildFile; fileRef = 9256C20917CF1E1F00DE9AD7 /* NSNumber+XMPP.h */; };
		9256C28D17CF1E8800DE9AD7 /* NSNumber+XMPP.m in Sources */ = {isa = PBXBuildFile; fileRef = 9256C20A17CF1E1F00DE9AD7 /* NSNumber+XMPP.m */; };
		9256C28E17CF1E8800DE9AD7 /* NSXMLElement+XMPP.h in Sources */ = {isa = PBXBuildFile; fileRef = 9256C20B17CF1E1F00DE9AD7 /* NSXMLElement+XMPP.h */; };
		9256C28F17CF1E8800DE9AD7 /* NSXMLElement+XMPP.m in Sources */ = {isa = PBXBuildFile; fileRef = 9256C20C17CF1E1F00DE9AD7 /* NSXMLElement+XMPP.m */; };
		9256C29017CF1E8800DE9AD7 /* XMPP.h in Sources */ = {isa = PBXBuildFile; fileRef = 9256C20E17CF1E1F00DE9AD7 /* XMPP.h */; };
		9256C29117CF1E8800DE9AD7 /* XMPPElement.h in Sources */ = {isa = PBXBuildFile; fileRef = 9256C20F17CF1E1F00DE9AD7 /* XMPPElement.h */; };
		9256C29217CF1E8800DE9AD7 /* XMPPElement.m in Sources */ = {isa = PBXBuildFile; fileRef = 9256C21017CF1E1F00DE9AD7 /* XMPPElement.m */; };
		9256C29317CF1E8800DE9AD7 /* XMPPFramework.h in Sources */ = {isa = PBXBuildFile; fileRef = 9256C21117CF1E1F00DE9AD7 /* XMPPFramework.h */; };
		9256C29417CF1E8800DE9AD7 /* XMPPInternal.h in Sources */ = {isa = PBXBuildFile; fileRef = 9256C21217CF1E1F00DE9AD7 /* XMPPInternal.h */; };
		9256C29517CF1E8800DE9AD7 /* XMPPIQ.h in Sources */ = {isa = PBXBuildFile; fileRef = 9256C21317CF1E1F00DE9AD7 /* XMPPIQ.h */; };
		9256C29617CF1E8800DE9AD7 /* XMPPIQ.m in Sources */ = {isa = PBXBuildFile; fileRef = 9256C21417CF1E1F00DE9AD7 /* XMPPIQ.m */; };
		9256C29717CF1E8800DE9AD7 /* XMPPJID.h in Sources */ = {isa = PBXBuildFile; fileRef = 9256C21517CF1E1F00DE9AD7 /* XMPPJID.h */; };
		9256C29817CF1E8800DE9AD7 /* XMPPJID.m in Sources */ = {isa = PBXBuildFile; fileRef = 9256C21617CF1E1F00DE9AD7 /* XMPPJID.m */; };
		9256C29917CF1E8800DE9AD7 /* XMPPLogging.h in Sources */ = {isa = PBXBuildFile; fileRef = 9256C21717CF1E1F00DE9AD7 /* XMPPLogging.h */; };
		9256C29A17CF1E8800DE9AD7 /* XMPPMessage.h in Sources */ = {isa = PBXBuildFile; fileRef = 9256C21817CF1E1F00DE9AD7 /* XMPPMessage.h */; };
		9256C29B17CF1E8800DE9AD7 /* XMPPMessage.m in Sources */ = {isa = PBXBuildFile; fileRef = 9256C21917CF1E1F00DE9AD7 /* XMPPMessage.m */; };
		9256C29C17CF1E8800DE9AD7 /* XMPPModule.h in Sources */ = {isa = PBXBuildFile; fileRef = 9256C21A17CF1E1F00DE9AD7 /* XMPPModule.h */; };
		9256C29D17CF1E8800DE9AD7 /* XMPPModule.m in Sources */ = {isa = PBXBuildFile; fileRef = 9256C21B17CF1E1F00DE9AD7 /* XMPPModule.m */; };
		9256C29E17CF1E8800DE9AD7 /* XMPPParser.h in Sources */ = {isa = PBXBuildFile; fileRef = 9256C21C17CF1E1F00DE9AD7 /* XMPPParser.h */; };
		9256C29F17CF1E8800DE9AD7 /* XMPPParser.m in Sources */ = {isa = PBXBuildFile; fileRef = 9256C21D17CF1E1F00DE9AD7 /* XMPPParser.m */; };
		9256C2A017CF1E8800DE9AD7 /* XMPPPresence.h in Sources */ = {isa = PBXBuildFile; fileRef = 9256C21E17CF1E1F00DE9AD7 /* XMPPPresence.h */; };
		9256C2A117CF1E8800DE9AD7 /* XMPPPresence.m in Sources */ = {isa = PBXBuildFile; fileRef = 9256C21F17CF1E1F00DE9AD7 /* XMPPPresence.m */; };
		9256C2A217CF1E8800DE9AD7 /* XMPPStream.h in Sources */ = {isa = PBXBuildFile; fileRef = 9256C22017CF1E1F00DE9AD7 /* XMPPStream.h */; };
		9256C2A317CF1E8800DE9AD7 /* XMPPStream.m in Sources */ = {isa = PBXBuildFile; fileRef = 9256C22117CF1E1F00DE9AD7 /* XMPPStream.m */; };
		9256C2A417CF1E8800DE9AD7 /* DDList.h in Sources */ = {isa = PBXBuildFile; fileRef = 9256C22317CF1E1F00DE9AD7 /* DDList.h */; };
		9256C2A517CF1E8800DE9AD7 /* DDList.m in Sources */ = {isa = PBXBuildFile; fileRef = 9256C22417CF1E1F00DE9AD7 /* DDList.m */; };
		9256C2A617CF1E8800DE9AD7 /* GCDMulticastDelegate.h in Sources */ = {isa = PBXBuildFile; fileRef = 9256C22517CF1E1F00DE9AD7 /* GCDMulticastDelegate.h */; };
		9256C2A717CF1E8800DE9AD7 /* GCDMulticastDelegate.m in Sources */ = {isa = PBXBuildFile; fileRef = 9256C22617CF1E1F00DE9AD7 /* GCDMulticastDelegate.m */; };
		9256C2A817CF1E8800DE9AD7 /* LibIDN.h in Sources */ = {isa = PBXBuildFile; fileRef = 9256C22717CF1E1F00DE9AD7 /* LibIDN.h */; };
		9256C2A917CF1E8800DE9AD7 /* LibIDN.m in Sources */ = {isa = PBXBuildFile; fileRef = 9256C22817CF1E1F00DE9AD7 /* LibIDN.m */; };
		9256C2AA17CF1E8800DE9AD7 /* RFImageToDataTransformer.h in Sources */ = {isa = PBXBuildFile; fileRef = 9256C22917CF1E1F00DE9AD7 /* RFImageToDataTransformer.h */; };
		9256C2AB17CF1E8800DE9AD7 /* RFImageToDataTransformer.m in Sources */ = {isa = PBXBuildFile; fileRef = 9256C22A17CF1E1F00DE9AD7 /* RFImageToDataTransformer.m */; };
		9256C2AC17CF1E8800DE9AD7 /* XMPPIDTracker.h in Sources */ = {isa = PBXBuildFile; fileRef = 9256C22B17CF1E1F00DE9AD7 /* XMPPIDTracker.h */; };
		9256C2AD17CF1E8800DE9AD7 /* XMPPIDTracker.m in Sources */ = {isa = PBXBuildFile; fileRef = 9256C22C17CF1E1F00DE9AD7 /* XMPPIDTracker.m */; };
		9256C2AE17CF1E8800DE9AD7 /* XMPPSRVResolver.h in Sources */ = {isa = PBXBuildFile; fileRef = 9256C22D17CF1E1F00DE9AD7 /* XMPPSRVResolver.h */; };
		9256C2AF17CF1E8800DE9AD7 /* XMPPSRVResolver.m in Sources */ = {isa = PBXBuildFile; fileRef = 9256C22E17CF1E1F00DE9AD7 /* XMPPSRVResolver.m */; };
		9256C2B017CF1E8800DE9AD7 /* GCDAsyncSocket.h in Sources */ = {isa = PBXBuildFile; fileRef = 9256C23117CF1E1F00DE9AD7 /* GCDAsyncSocket.h */; };
		9256C2B117CF1E8800DE9AD7 /* GCDAsyncSocket.m in Sources */ = {isa = PBXBuildFile; fileRef = 9256C23217CF1E1F00DE9AD7 /* GCDAsyncSocket.m */; };
		9256C2B217CF1E8800DE9AD7 /* DDAbstractDatabaseLogger.h in Sources */ = {isa = PBXBuildFile; fileRef = 9256C23417CF1E1F00DE9AD7 /* DDAbstractDatabaseLogger.h */; };
		9256C2B317CF1E8800DE9AD7 /* DDAbstractDatabaseLogger.m in Sources */ = {isa = PBXBuildFile; fileRef = 9256C23517CF1E1F00DE9AD7 /* DDAbstractDatabaseLogger.m */; };
		9256C2B417CF1E8800DE9AD7 /* DDASLLogger.h in Sources */ = {isa = PBXBuildFile; fileRef = 9256C23617CF1E1F00DE9AD7 /* DDASLLogger.h */; };
		9256C2B517CF1E8800DE9AD7 /* DDASLLogger.m in Sources */ = {isa = PBXBuildFile; fileRef = 9256C23717CF1E1F00DE9AD7 /* DDASLLogger.m */; };
		9256C2B617CF1E8800DE9AD7 /* DDFileLogger.h in Sources */ = {isa = PBXBuildFile; fileRef = 9256C23817CF1E1F00DE9AD7 /* DDFileLogger.h */; };
		9256C2B717CF1E8800DE9AD7 /* DDFileLogger.m in Sources */ = {isa = PBXBuildFile; fileRef = 9256C23917CF1E1F00DE9AD7 /* DDFileLogger.m */; };
		9256C2B817CF1E8800DE9AD7 /* DDLog.h in Sources */ = {isa = PBXBuildFile; fileRef = 9256C23A17CF1E1F00DE9AD7 /* DDLog.h */; };
		9256C2B917CF1E8800DE9AD7 /* DDLog.m in Sources */ = {isa = PBXBuildFile; fileRef = 9256C23B17CF1E1F00DE9AD7 /* DDLog.m */; };
		9256C2BA17CF1E8800DE9AD7 /* DDTTYLogger.h in Sources */ = {isa = PBXBuildFile; fileRef = 9256C23C17CF1E1F00DE9AD7 /* DDTTYLogger.h */; };
		9256C2BB17CF1E8800DE9AD7 /* DDTTYLogger.m in Sources */ = {isa = PBXBuildFile; fileRef = 9256C23D17CF1E1F00DE9AD7 /* DDTTYLogger.m */; };
		9256C2BC17CF1E8800DE9AD7 /* ContextFilterLogFormatter.h in Sources */ = {isa = PBXBuildFile; fileRef = 9256C23F17CF1E1F00DE9AD7 /* ContextFilterLogFormatter.h */; };
		9256C2BD17CF1E8800DE9AD7 /* ContextFilterLogFormatter.m in Sources */ = {isa = PBXBuildFile; fileRef = 9256C24017CF1E1F00DE9AD7 /* ContextFilterLogFormatter.m */; };
		9256C2BE17CF1E8800DE9AD7 /* DispatchQueueLogFormatter.h in Sources */ = {isa = PBXBuildFile; fileRef = 9256C24117CF1E1F00DE9AD7 /* DispatchQueueLogFormatter.h */; };
		9256C2BF17CF1E8800DE9AD7 /* DispatchQueueLogFormatter.m in Sources */ = {isa = PBXBuildFile; fileRef = 9256C24217CF1E1F00DE9AD7 /* DispatchQueueLogFormatter.m */; };
		9256C2C017CF1E8800DE9AD7 /* README.txt in Sources */ = {isa = PBXBuildFile; fileRef = 9256C24317CF1E1F00DE9AD7 /* README.txt */; };
		9256C2C117CF1E8800DE9AD7 /* NSString+DDXML.h in Sources */ = {isa = PBXBuildFile; fileRef = 9256C24717CF1E1F00DE9AD7 /* NSString+DDXML.h */; };
		9256C2C217CF1E8800DE9AD7 /* NSString+DDXML.m in Sources */ = {isa = PBXBuildFile; fileRef = 9256C24817CF1E1F00DE9AD7 /* NSString+DDXML.m */; };
		9256C2C317CF1E8800DE9AD7 /* DDXML.h in Sources */ = {isa = PBXBuildFile; fileRef = 9256C24917CF1E1F00DE9AD7 /* DDXML.h */; };
		9256C2C417CF1E8800DE9AD7 /* DDXMLDocument.h in Sources */ = {isa = PBXBuildFile; fileRef = 9256C24A17CF1E1F00DE9AD7 /* DDXMLDocument.h */; };
		9256C2C517CF1E8800DE9AD7 /* DDXMLDocument.m in Sources */ = {isa = PBXBuildFile; fileRef = 9256C24B17CF1E1F00DE9AD7 /* DDXMLDocument.m */; };
		9256C2C617CF1E8800DE9AD7 /* DDXMLElement.h in Sources */ = {isa = PBXBuildFile; fileRef = 9256C24C17CF1E1F00DE9AD7 /* DDXMLElement.h */; };
		9256C2C717CF1E8800DE9AD7 /* DDXMLElement.m in Sources */ = {isa = PBXBuildFile; fileRef = 9256C24D17CF1E1F00DE9AD7 /* DDXMLElement.m */; };
		9256C2C817CF1E8800DE9AD7 /* DDXMLNode.h in Sources */ = {isa = PBXBuildFile; fileRef = 9256C24E17CF1E1F00DE9AD7 /* DDXMLNode.h */; };
		9256C2C917CF1E8800DE9AD7 /* DDXMLNode.m in Sources */ = {isa = PBXBuildFile; fileRef = 9256C24F17CF1E1F00DE9AD7 /* DDXMLNode.m */; };
		9256C2CA17CF1E8800DE9AD7 /* DDXMLPrivate.h in Sources */ = {isa = PBXBuildFile; fileRef = 9256C25117CF1E1F00DE9AD7 /* DDXMLPrivate.h */; };
		9256C2CB17CF1E8800DE9AD7 /* idn-int.h in Sources */ = {isa = PBXBuildFile; fileRef = 9256C25317CF1E1F00DE9AD7 /* idn-int.h */; };
		9256C2CC17CF1E8800DE9AD7 /* libidn-1.24.tar.gz in Sources */ = {isa = PBXBuildFile; fileRef = 9256C25417CF1E1F00DE9AD7 /* libidn-1.24.tar.gz */; };
		9256C2CD17CF1E8800DE9AD7 /* libidn.a in Sources */ = {isa = PBXBuildFile; fileRef = 9256C25517CF1E1F00DE9AD7 /* libidn.a */; };
		9256C2CE17CF1E8800DE9AD7 /* stringprep.h in Sources */ = {isa = PBXBuildFile; fileRef = 9256C25617CF1E1F00DE9AD7 /* stringprep.h */; };
		9256C2D017CF1F6E00DE9AD7 /* libxml2.dylib in Frameworks */ = {isa = PBXBuildFile; fileRef = 9256C2CF17CF1F6E00DE9AD7 /* libxml2.dylib */; };
		9256C2D217CF1F7B00DE9AD7 /* libresolv.dylib in Frameworks */ = {isa = PBXBuildFile; fileRef = 9256C2D117CF1F7B00DE9AD7 /* libresolv.dylib */; };
		9256C2D417CF1F8F00DE9AD7 /* Security.framework in Frameworks */ = {isa = PBXBuildFile; fileRef = 9256C2D317CF1F8F00DE9AD7 /* Security.framework */; };
		9256C2D617CF1F9700DE9AD7 /* CFNetwork.framework in Frameworks */ = {isa = PBXBuildFile; fileRef = 9256C2D517CF1F9700DE9AD7 /* CFNetwork.framework */; };
		9256C2D717CF1FC400DE9AD7 /* libidn.a in Frameworks */ = {isa = PBXBuildFile; fileRef = 9256C25517CF1E1F00DE9AD7 /* libidn.a */; };
/* End PBXBuildFile section */

/* Begin PBXFileReference section */
		9214770917D0965800C0F067 /* Chat.h */ = {isa = PBXFileReference; fileEncoding = 4; lastKnownFileType = sourcecode.c.h; path = Chat.h; sourceTree = "<group>"; };
		9214770A17D0965800C0F067 /* Chat.m */ = {isa = PBXFileReference; fileEncoding = 4; lastKnownFileType = sourcecode.c.objc; path = Chat.m; sourceTree = "<group>"; };
		9214770B17D0965800C0F067 /* Chat.xib */ = {isa = PBXFileReference; fileEncoding = 4; lastKnownFileType = file.xib; path = Chat.xib; sourceTree = "<group>"; };
		9214770E17D09BF100C0F067 /* MessageCell.h */ = {isa = PBXFileReference; lastKnownFileType = sourcecode.c.h; path = MessageCell.h; sourceTree = "<group>"; };
		9214770F17D09BF100C0F067 /* MessageCell.m */ = {isa = PBXFileReference; lastKnownFileType = sourcecode.c.objc; path = MessageCell.m; sourceTree = "<group>"; };
		9214771017D09C2000C0F067 /* BlueBubble2.png */ = {isa = PBXFileReference; lastKnownFileType = image.png; path = BlueBubble2.png; sourceTree = "<group>"; };
		9214771117D09C2000C0F067 /* GreenBubble2.png */ = {isa = PBXFileReference; lastKnownFileType = image.png; path = GreenBubble2.png; sourceTree = "<group>"; };
		9214771217D09C2000C0F067 /* aqua.png */ = {isa = PBXFileReference; lastKnownFileType = image.png; path = aqua.png; sourceTree = "<group>"; };
		9214771317D09C2000C0F067 /* orange.png */ = {isa = PBXFileReference; lastKnownFileType = image.png; path = orange.png; sourceTree = "<group>"; };
		9218DAFA17D085B60000EA56 /* AFHTTPClient.h */ = {isa = PBXFileReference; fileEncoding = 4; lastKnownFileType = sourcecode.c.h; path = AFHTTPClient.h; sourceTree = "<group>"; };
		9218DAFB17D085B60000EA56 /* AFHTTPClient.m */ = {isa = PBXFileReference; fileEncoding = 4; lastKnownFileType = sourcecode.c.objc; path = AFHTTPClient.m; sourceTree = "<group>"; };
		9218DAFC17D085B60000EA56 /* AFHTTPRequestOperation.h */ = {isa = PBXFileReference; fileEncoding = 4; lastKnownFileType = sourcecode.c.h; path = AFHTTPRequestOperation.h; sourceTree = "<group>"; };
		9218DAFD17D085B60000EA56 /* AFHTTPRequestOperation.m */ = {isa = PBXFileReference; fileEncoding = 4; lastKnownFileType = sourcecode.c.objc; path = AFHTTPRequestOperation.m; sourceTree = "<group>"; };
		9218DAFE17D085B60000EA56 /* AFImageCache.h */ = {isa = PBXFileReference; fileEncoding = 4; lastKnownFileType = sourcecode.c.h; path = AFImageCache.h; sourceTree = "<group>"; };
		9218DAFF17D085B60000EA56 /* AFImageCache.m */ = {isa = PBXFileReference; fileEncoding = 4; lastKnownFileType = sourcecode.c.objc; path = AFImageCache.m; sourceTree = "<group>"; };
		9218DB0017D085B60000EA56 /* AFImageRequestOperation.h */ = {isa = PBXFileReference; fileEncoding = 4; lastKnownFileType = sourcecode.c.h; path = AFImageRequestOperation.h; sourceTree = "<group>"; };
		9218DB0117D085B60000EA56 /* AFImageRequestOperation.m */ = {isa = PBXFileReference; fileEncoding = 4; lastKnownFileType = sourcecode.c.objc; path = AFImageRequestOperation.m; sourceTree = "<group>"; };
		9218DB0217D085B60000EA56 /* AFJSONRequestOperation.h */ = {isa = PBXFileReference; fileEncoding = 4; lastKnownFileType = sourcecode.c.h; path = AFJSONRequestOperation.h; sourceTree = "<group>"; };
		9218DB0317D085B60000EA56 /* AFJSONRequestOperation.m */ = {isa = PBXFileReference; fileEncoding = 4; lastKnownFileType = sourcecode.c.objc; path = AFJSONRequestOperation.m; sourceTree = "<group>"; };
		9218DB0417D085B60000EA56 /* AFNetworkActivityIndicatorManager.h */ = {isa = PBXFileReference; fileEncoding = 4; lastKnownFileType = sourcecode.c.h; path = AFNetworkActivityIndicatorManager.h; sourceTree = "<group>"; };
		9218DB0517D085B60000EA56 /* AFNetworkActivityIndicatorManager.m */ = {isa = PBXFileReference; fileEncoding = 4; lastKnownFileType = sourcecode.c.objc; path = AFNetworkActivityIndicatorManager.m; sourceTree = "<group>"; };
		9218DB0617D085B60000EA56 /* AFNetworking.h */ = {isa = PBXFileReference; fileEncoding = 4; lastKnownFileType = sourcecode.c.h; path = AFNetworking.h; sourceTree = "<group>"; };
		9218DB0717D085B60000EA56 /* AFPropertyListRequestOperation.h */ = {isa = PBXFileReference; fileEncoding = 4; lastKnownFileType = sourcecode.c.h; path = AFPropertyListRequestOperation.h; sourceTree = "<group>"; };
		9218DB0817D085B60000EA56 /* AFPropertyListRequestOperation.m */ = {isa = PBXFileReference; fileEncoding = 4; lastKnownFileType = sourcecode.c.objc; path = AFPropertyListRequestOperation.m; sourceTree = "<group>"; };
		9218DB0917D085B60000EA56 /* AFURLConnectionOperation.h */ = {isa = PBXFileReference; fileEncoding = 4; lastKnownFileType = sourcecode.c.h; path = AFURLConnectionOperation.h; sourceTree = "<group>"; };
		9218DB0A17D085B60000EA56 /* AFURLConnectionOperation.m */ = {isa = PBXFileReference; fileEncoding = 4; lastKnownFileType = sourcecode.c.objc; path = AFURLConnectionOperation.m; sourceTree = "<group>"; };
		9218DB0B17D085B60000EA56 /* AFXMLRequestOperation.h */ = {isa = PBXFileReference; fileEncoding = 4; lastKnownFileType = sourcecode.c.h; path = AFXMLRequestOperation.h; sourceTree = "<group>"; };
		9218DB0C17D085B60000EA56 /* AFXMLRequestOperation.m */ = {isa = PBXFileReference; fileEncoding = 4; lastKnownFileType = sourcecode.c.objc; path = AFXMLRequestOperation.m; sourceTree = "<group>"; };
		9218DB0D17D085B60000EA56 /* UIImageView+AFNetworking.h */ = {isa = PBXFileReference; fileEncoding = 4; lastKnownFileType = sourcecode.c.h; path = "UIImageView+AFNetworking.h"; sourceTree = "<group>"; };
		9218DB0E17D085B60000EA56 /* UIImageView+AFNetworking.m */ = {isa = PBXFileReference; fileEncoding = 4; lastKnownFileType = sourcecode.c.objc; path = "UIImageView+AFNetworking.m"; sourceTree = "<group>"; };
		9218DB1917D089CA0000EA56 /* Friends.h */ = {isa = PBXFileReference; fileEncoding = 4; lastKnownFileType = sourcecode.c.h; path = Friends.h; sourceTree = "<group>"; };
		9218DB1A17D089CA0000EA56 /* Friends.m */ = {isa = PBXFileReference; fileEncoding = 4; lastKnownFileType = sourcecode.c.objc; path = Friends.m; sourceTree = "<group>"; };
		9218DB1B17D089CA0000EA56 /* Friends.xib */ = {isa = PBXFileReference; fileEncoding = 4; lastKnownFileType = file.xib; path = Friends.xib; sourceTree = "<group>"; };
		9225A83917C87E150077A844 /* ChatDelegate.h */ = {isa = PBXFileReference; lastKnownFileType = sourcecode.c.h; path = ChatDelegate.h; sourceTree = "<group>"; };
		9225A83E17C89F070077A844 /* MessageDelegate.h */ = {isa = PBXFileReference; lastKnownFileType = sourcecode.c.h; path = MessageDelegate.h; sourceTree = "<group>"; };
		92456C9317D19948005CB5D4 /* SettingView.h */ = {isa = PBXFileReference; lastKnownFileType = sourcecode.c.h; path = SettingView.h; sourceTree = "<group>"; };
		92456C9417D19948005CB5D4 /* SettingView.m */ = {isa = PBXFileReference; lastKnownFileType = sourcecode.c.objc; path = SettingView.m; sourceTree = "<group>"; };
		92456C9517D19949005CB5D4 /* SettingView.xib */ = {isa = PBXFileReference; lastKnownFileType = file.xib; path = SettingView.xib; sourceTree = "<group>"; };
		92456C9617D19AB7005CB5D4 /* setting@2x.png */ = {isa = PBXFileReference; lastKnownFileType = image.png; path = "setting@2x.png"; sourceTree = "<group>"; };
		92456C9A17D19B93005CB5D4 /* SettingModel.h */ = {isa = PBXFileReference; lastKnownFileType = sourcecode.c.h; path = SettingModel.h; sourceTree = "<group>"; };
		92456C9B17D19B93005CB5D4 /* SettingModel.m */ = {isa = PBXFileReference; lastKnownFileType = sourcecode.c.objc; path = SettingModel.m; sourceTree = "<group>"; };
		92456C9E17D19CE8005CB5D4 /* more@2x.png */ = {isa = PBXFileReference; lastKnownFileType = image.png; path = "more@2x.png"; sourceTree = "<group>"; };
		92456CA017D19DD1005CB5D4 /* LoginView.h */ = {isa = PBXFileReference; lastKnownFileType = sourcecode.c.h; path = LoginView.h; sourceTree = "<group>"; };
		92456CA117D19DD1005CB5D4 /* LoginView.m */ = {isa = PBXFileReference; lastKnownFileType = sourcecode.c.objc; path = LoginView.m; sourceTree = "<group>"; };
		92456CA217D19DD1005CB5D4 /* LoginView.xib */ = {isa = PBXFileReference; lastKnownFileType = file.xib; path = LoginView.xib; sourceTree = "<group>"; };
		924DE99617C737A9008EA392 /* iosapp.app */ = {isa = PBXFileReference; explicitFileType = wrapper.application; includeInIndex = 0; path = iosapp.app; sourceTree = BUILT_PRODUCTS_DIR; };
		924DE99917C737A9008EA392 /* UIKit.framework */ = {isa = PBXFileReference; lastKnownFileType = wrapper.framework; name = UIKit.framework; path = System/Library/Frameworks/UIKit.framework; sourceTree = SDKROOT; };
		924DE99B17C737A9008EA392 /* Foundation.framework */ = {isa = PBXFileReference; lastKnownFileType = wrapper.framework; name = Foundation.framework; path = System/Library/Frameworks/Foundation.framework; sourceTree = SDKROOT; };
		924DE99D17C737A9008EA392 /* CoreGraphics.framework */ = {isa = PBXFileReference; lastKnownFileType = wrapper.framework; name = CoreGraphics.framework; path = System/Library/Frameworks/CoreGraphics.framework; sourceTree = SDKROOT; };
		924DE9A117C737A9008EA392 /* iosapp-Info.plist */ = {isa = PBXFileReference; lastKnownFileType = text.plist.xml; path = "iosapp-Info.plist"; sourceTree = "<group>"; };
		924DE9A317C737A9008EA392 /* en */ = {isa = PBXFileReference; lastKnownFileType = text.plist.strings; name = en; path = en.lproj/InfoPlist.strings; sourceTree = "<group>"; };
		924DE9A517C737A9008EA392 /* main.m */ = {isa = PBXFileReference; lastKnownFileType = sourcecode.c.objc; path = main.m; sourceTree = "<group>"; };
		924DE9A717C737A9008EA392 /* iosapp-Prefix.pch */ = {isa = PBXFileReference; lastKnownFileType = sourcecode.c.h; path = "iosapp-Prefix.pch"; sourceTree = "<group>"; };
		924DE9A817C737A9008EA392 /* AppDelegate.h */ = {isa = PBXFileReference; lastKnownFileType = sourcecode.c.h; path = AppDelegate.h; sourceTree = "<group>"; };
		924DE9A917C737A9008EA392 /* AppDelegate.m */ = {isa = PBXFileReference; lastKnownFileType = sourcecode.c.objc; path = AppDelegate.m; sourceTree = "<group>"; };
		924DE9B717C737A9008EA392 /* SenTestingKit.framework */ = {isa = PBXFileReference; lastKnownFileType = wrapper.framework; name = SenTestingKit.framework; path = Library/Frameworks/SenTestingKit.framework; sourceTree = DEVELOPER_DIR; };
		924DE9BF17C737AA008EA392 /* iosappTests-Info.plist */ = {isa = PBXFileReference; lastKnownFileType = text.plist.xml; path = "iosappTests-Info.plist"; sourceTree = "<group>"; };
		924DE9C117C737AA008EA392 /* en */ = {isa = PBXFileReference; lastKnownFileType = text.plist.strings; name = en; path = en.lproj/InfoPlist.strings; sourceTree = "<group>"; };
		924DE9C317C737AA008EA392 /* iosappTests.h */ = {isa = PBXFileReference; lastKnownFileType = sourcecode.c.h; path = iosappTests.h; sourceTree = "<group>"; };
		924DE9C417C737AA008EA392 /* iosappTests.m */ = {isa = PBXFileReference; lastKnownFileType = sourcecode.c.objc; path = iosappTests.m; sourceTree = "<group>"; };
		924DEA8217C73E59008EA392 /* answer@2x.png */ = {isa = PBXFileReference; lastKnownFileType = image.png; path = "answer@2x.png"; sourceTree = "<group>"; };
		924DEA8717C73F87008EA392 /* PostCell.h */ = {isa = PBXFileReference; fileEncoding = 4; lastKnownFileType = sourcecode.c.h; path = PostCell.h; sourceTree = "<group>"; };
		924DEA8817C73F87008EA392 /* PostCell.m */ = {isa = PBXFileReference; fileEncoding = 4; lastKnownFileType = sourcecode.c.objc; path = PostCell.m; sourceTree = "<group>"; };
		924DEA8917C73F87008EA392 /* PostCell.xib */ = {isa = PBXFileReference; fileEncoding = 4; lastKnownFileType = file.xib; path = PostCell.xib; sourceTree = "<group>"; };
		924DEA8C17C73F9F008EA392 /* NewsCell.h */ = {isa = PBXFileReference; fileEncoding = 4; lastKnownFileType = sourcecode.c.h; path = NewsCell.h; sourceTree = "<group>"; };
		924DEA8D17C73F9F008EA392 /* NewsCell.m */ = {isa = PBXFileReference; fileEncoding = 4; lastKnownFileType = sourcecode.c.objc; path = NewsCell.m; sourceTree = "<group>"; };
		924DEA8E17C73F9F008EA392 /* NewsCell.xib */ = {isa = PBXFileReference; fileEncoding = 4; lastKnownFileType = file.xib; path = NewsCell.xib; sourceTree = "<group>"; };
		924DEAB317C74200008EA392 /* AFURLCache.h */ = {isa = PBXFileReference; fileEncoding = 4; lastKnownFileType = sourcecode.c.h; path = AFURLCache.h; sourceTree = "<group>"; };
		924DEAB417C74200008EA392 /* AFURLCache.m */ = {isa = PBXFileReference; fileEncoding = 4; lastKnownFileType = sourcecode.c.objc; path = AFURLCache.m; sourceTree = "<group>"; };
		924DEAB617C74200008EA392 /* blackArrow.png */ = {isa = PBXFileReference; lastKnownFileType = image.png; path = blackArrow.png; sourceTree = "<group>"; };
		924DEAB717C74200008EA392 /* blackArrow@2x.png */ = {isa = PBXFileReference; lastKnownFileType = image.png; path = "blackArrow@2x.png"; sourceTree = "<group>"; };
		924DEAB817C74200008EA392 /* blueArrow.png */ = {isa = PBXFileReference; lastKnownFileType = image.png; path = blueArrow.png; sourceTree = "<group>"; };
		924DEAB917C74200008EA392 /* blueArrow@2x.png */ = {isa = PBXFileReference; lastKnownFileType = image.png; path = "blueArrow@2x.png"; sourceTree = "<group>"; };
		924DEABA17C74200008EA392 /* EGORefreshTableHeaderView.h */ = {isa = PBXFileReference; fileEncoding = 4; lastKnownFileType = sourcecode.c.h; path = EGORefreshTableHeaderView.h; sourceTree = "<group>"; };
		924DEABB17C74200008EA392 /* EGORefreshTableHeaderView.m */ = {isa = PBXFileReference; fileEncoding = 4; lastKnownFileType = sourcecode.c.objc; path = EGORefreshTableHeaderView.m; sourceTree = "<group>"; };
		924DEABC17C74200008EA392 /* grayArrow.png */ = {isa = PBXFileReference; lastKnownFileType = image.png; path = grayArrow.png; sourceTree = "<group>"; };
		924DEABD17C74200008EA392 /* grayArrow@2x.png */ = {isa = PBXFileReference; lastKnownFileType = image.png; path = "grayArrow@2x.png"; sourceTree = "<group>"; };
		924DEAC717C742EC008EA392 /* DataHelper.h */ = {isa = PBXFileReference; fileEncoding = 4; lastKnownFileType = sourcecode.c.h; path = DataHelper.h; sourceTree = "<group>"; };
		924DEAC817C742EC008EA392 /* DataHelper.m */ = {isa = PBXFileReference; fileEncoding = 4; lastKnownFileType = sourcecode.c.objc; path = DataHelper.m; sourceTree = "<group>"; };
		924DEAC917C742EC008EA392 /* DictionaryHelper.h */ = {isa = PBXFileReference; fileEncoding = 4; lastKnownFileType = sourcecode.c.h; path = DictionaryHelper.h; sourceTree = "<group>"; };
		924DEACA17C742EC008EA392 /* DictionaryHelper.m */ = {isa = PBXFileReference; fileEncoding = 4; lastKnownFileType = sourcecode.c.objc; path = DictionaryHelper.m; sourceTree = "<group>"; };
		924DEACB17C742EC008EA392 /* FastCell.h */ = {isa = PBXFileReference; fileEncoding = 4; lastKnownFileType = sourcecode.c.h; path = FastCell.h; sourceTree = "<group>"; };
		924DEACC17C742EC008EA392 /* FastCell.m */ = {isa = PBXFileReference; fileEncoding = 4; lastKnownFileType = sourcecode.c.objc; path = FastCell.m; sourceTree = "<group>"; };
		924DEACD17C742EC008EA392 /* JSONKit.h */ = {isa = PBXFileReference; fileEncoding = 4; lastKnownFileType = sourcecode.c.h; path = JSONKit.h; sourceTree = "<group>"; };
		924DEACE17C742EC008EA392 /* JSONKit.m */ = {isa = PBXFileReference; fileEncoding = 4; lastKnownFileType = sourcecode.c.objc; path = JSONKit.m; sourceTree = "<group>"; };
		924DEACF17C742EC008EA392 /* ListViewController.h */ = {isa = PBXFileReference; fileEncoding = 4; lastKnownFileType = sourcecode.c.h; path = ListViewController.h; sourceTree = "<group>"; };
		924DEAD017C742EC008EA392 /* ListViewController.m */ = {isa = PBXFileReference; fileEncoding = 4; lastKnownFileType = sourcecode.c.objc; path = ListViewController.m; sourceTree = "<group>"; };
		924DEAD117C742EC008EA392 /* StringHelper.h */ = {isa = PBXFileReference; fileEncoding = 4; lastKnownFileType = sourcecode.c.h; path = StringHelper.h; sourceTree = "<group>"; };
		924DEAD217C742EC008EA392 /* StringHelper.m */ = {isa = PBXFileReference; fileEncoding = 4; lastKnownFileType = sourcecode.c.objc; path = StringHelper.m; sourceTree = "<group>"; };
		924DEAD417C742EC008EA392 /* SVProgressHUD.bundle */ = {isa = PBXFileReference; lastKnownFileType = "wrapper.plug-in"; path = SVProgressHUD.bundle; sourceTree = "<group>"; };
		924DEAD517C742EC008EA392 /* SVProgressHUD.h */ = {isa = PBXFileReference; fileEncoding = 4; lastKnownFileType = sourcecode.c.h; path = SVProgressHUD.h; sourceTree = "<group>"; };
		924DEAD617C742EC008EA392 /* SVProgressHUD.m */ = {isa = PBXFileReference; fileEncoding = 4; lastKnownFileType = sourcecode.c.objc; path = SVProgressHUD.m; sourceTree = "<group>"; };
		924DEAE017C74364008EA392 /* BrowserSampleViewController.h */ = {isa = PBXFileReference; fileEncoding = 4; lastKnownFileType = sourcecode.c.h; path = BrowserSampleViewController.h; sourceTree = "<group>"; };
		924DEAE117C74364008EA392 /* BrowserSampleViewController.m */ = {isa = PBXFileReference; fileEncoding = 4; lastKnownFileType = sourcecode.c.objc; path = BrowserSampleViewController.m; sourceTree = "<group>"; };
		924DEAE217C74364008EA392 /* BrowserSampleViewController.xib */ = {isa = PBXFileReference; fileEncoding = 4; lastKnownFileType = file.xib; path = BrowserSampleViewController.xib; sourceTree = "<group>"; };
		924DEAE317C74364008EA392 /* left.png */ = {isa = PBXFileReference; lastKnownFileType = image.png; path = left.png; sourceTree = "<group>"; };
		924DEAE417C74364008EA392 /* left@2x.png */ = {isa = PBXFileReference; lastKnownFileType = image.png; path = "left@2x.png"; sourceTree = "<group>"; };
		924DEAE517C74364008EA392 /* MyApplication.h */ = {isa = PBXFileReference; fileEncoding = 4; lastKnownFileType = sourcecode.c.h; path = MyApplication.h; sourceTree = "<group>"; };
		924DEAE617C74364008EA392 /* MyApplication.m */ = {isa = PBXFileReference; fileEncoding = 4; lastKnownFileType = sourcecode.c.objc; path = MyApplication.m; sourceTree = "<group>"; };
		924DEAE717C74364008EA392 /* right.png */ = {isa = PBXFileReference; lastKnownFileType = image.png; path = right.png; sourceTree = "<group>"; };
		924DEAE817C74364008EA392 /* right@2x.png */ = {isa = PBXFileReference; lastKnownFileType = image.png; path = "right@2x.png"; sourceTree = "<group>"; };
		924DEAF017C74395008EA392 /* QuartzCore.framework */ = {isa = PBXFileReference; lastKnownFileType = wrapper.framework; name = QuartzCore.framework; path = System/Library/Frameworks/QuartzCore.framework; sourceTree = SDKROOT; };
		924DEAF217C743A0008EA392 /* MapKit.framework */ = {isa = PBXFileReference; lastKnownFileType = wrapper.framework; name = MapKit.framework; path = System/Library/Frameworks/MapKit.framework; sourceTree = SDKROOT; };
		924DEAF417C743AC008EA392 /* CoreLocation.framework */ = {isa = PBXFileReference; lastKnownFileType = wrapper.framework; name = CoreLocation.framework; path = System/Library/Frameworks/CoreLocation.framework; sourceTree = SDKROOT; };
		924DEAFB17C74426008EA392 /* NewsBase.h */ = {isa = PBXFileReference; fileEncoding = 4; lastKnownFileType = sourcecode.c.h; path = NewsBase.h; sourceTree = "<group>"; };
		924DEAFC17C74426008EA392 /* NewsBase.m */ = {isa = PBXFileReference; fileEncoding = 4; lastKnownFileType = sourcecode.c.objc; path = NewsBase.m; sourceTree = "<group>"; };
		924DEAFD17C74426008EA392 /* NewsBase.xib */ = {isa = PBXFileReference; fileEncoding = 4; lastKnownFileType = file.xib; path = NewsBase.xib; sourceTree = "<group>"; };
		924DEB0A17C7456D008EA392 /* LocalConfig.h */ = {isa = PBXFileReference; fileEncoding = 4; lastKnownFileType = sourcecode.c.h; path = LocalConfig.h; sourceTree = "<group>"; };
		924DEB0B17C7456D008EA392 /* LocalConfig.m */ = {isa = PBXFileReference; fileEncoding = 4; lastKnownFileType = sourcecode.c.objc; path = LocalConfig.m; sourceTree = "<group>"; };
		924DEB0C17C7456D008EA392 /* localconfig.plist */ = {isa = PBXFileReference; fileEncoding = 4; lastKnownFileType = text.plist.xml; path = localconfig.plist; sourceTree = "<group>"; };
		924DEB0F17C745FA008EA392 /* NewsView.h */ = {isa = PBXFileReference; fileEncoding = 4; lastKnownFileType = sourcecode.c.h; path = NewsView.h; sourceTree = "<group>"; };
		924DEB1017C745FA008EA392 /* NewsView.m */ = {isa = PBXFileReference; fileEncoding = 4; lastKnownFileType = sourcecode.c.objc; path = NewsView.m; sourceTree = "<group>"; };
		924DEB1117C745FA008EA392 /* NewsView.xib */ = {isa = PBXFileReference; fileEncoding = 4; lastKnownFileType = file.xib; path = NewsView.xib; sourceTree = "<group>"; };
		924DEB1817C74C0C008EA392 /* info@2x.png */ = {isa = PBXFileReference; lastKnownFileType = image.png; path = "info@2x.png"; sourceTree = "<group>"; };
		924DEB3317C7572D008EA392 /* searchWhite@2x.png */ = {isa = PBXFileReference; lastKnownFileType = image.png; path = "searchWhite@2x.png"; sourceTree = "<group>"; };
		924DEB3517C76023008EA392 /* XMPPBase.h */ = {isa = PBXFileReference; fileEncoding = 4; lastKnownFileType = sourcecode.c.h; path = XMPPBase.h; sourceTree = "<group>"; };
		924DEB3617C76023008EA392 /* XMPPBase.m */ = {isa = PBXFileReference; fileEncoding = 4; lastKnownFileType = sourcecode.c.objc; path = XMPPBase.m; sourceTree = "<group>"; };
		924DEB3717C76023008EA392 /* XMPPBase.xib */ = {isa = PBXFileReference; fileEncoding = 4; lastKnownFileType = file.xib; path = XMPPBase.xib; sourceTree = "<group>"; };
		924DEB3A17C76060008EA392 /* tweet@2x.png */ = {isa = PBXFileReference; lastKnownFileType = image.png; path = "tweet@2x.png"; sourceTree = "<group>"; };
		924DED3317C76CBD008EA392 /* SystemConfiguration.framework */ = {isa = PBXFileReference; lastKnownFileType = wrapper.framework; name = SystemConfiguration.framework; path = System/Library/Frameworks/SystemConfiguration.framework; sourceTree = SDKROOT; };
		924DED3517C76D46008EA392 /* CoreData.framework */ = {isa = PBXFileReference; lastKnownFileType = wrapper.framework; name = CoreData.framework; path = System/Library/Frameworks/CoreData.framework; sourceTree = SDKROOT; };
		9256C1ED17CF19F800DE9AD7 /* Statics.h */ = {isa = PBXFileReference; fileEncoding = 4; lastKnownFileType = sourcecode.c.h; path = Statics.h; sourceTree = "<group>"; };
		9256C1EE17CF19F800DE9AD7 /* Statics.m */ = {isa = PBXFileReference; fileEncoding = 4; lastKnownFileType = sourcecode.c.objc; path = Statics.m; sourceTree = "<group>"; };
		9256C1F417CF1E1F00DE9AD7 /* XMPPAnonymousAuthentication.h */ = {isa = PBXFileReference; fileEncoding = 4; lastKnownFileType = sourcecode.c.h; path = XMPPAnonymousAuthentication.h; sourceTree = "<group>"; };
		9256C1F517CF1E1F00DE9AD7 /* XMPPAnonymousAuthentication.m */ = {isa = PBXFileReference; fileEncoding = 4; lastKnownFileType = sourcecode.c.objc; path = XMPPAnonymousAuthentication.m; sourceTree = "<group>"; };
		9256C1F717CF1E1F00DE9AD7 /* XMPPDeprecatedDigestAuthentication.h */ = {isa = PBXFileReference; fileEncoding = 4; lastKnownFileType = sourcecode.c.h; path = XMPPDeprecatedDigestAuthentication.h; sourceTree = "<group>"; };
		9256C1F817CF1E1F00DE9AD7 /* XMPPDeprecatedDigestAuthentication.m */ = {isa = PBXFileReference; fileEncoding = 4; lastKnownFileType = sourcecode.c.objc; path = XMPPDeprecatedDigestAuthentication.m; sourceTree = "<group>"; };
		9256C1FA17CF1E1F00DE9AD7 /* XMPPDeprecatedPlainAuthentication.h */ = {isa = PBXFileReference; fileEncoding = 4; lastKnownFileType = sourcecode.c.h; path = XMPPDeprecatedPlainAuthentication.h; sourceTree = "<group>"; };
		9256C1FB17CF1E1F00DE9AD7 /* XMPPDeprecatedPlainAuthentication.m */ = {isa = PBXFileReference; fileEncoding = 4; lastKnownFileType = sourcecode.c.objc; path = XMPPDeprecatedPlainAuthentication.m; sourceTree = "<group>"; };
		9256C1FD17CF1E1F00DE9AD7 /* XMPPDigestMD5Authentication.h */ = {isa = PBXFileReference; fileEncoding = 4; lastKnownFileType = sourcecode.c.h; path = XMPPDigestMD5Authentication.h; sourceTree = "<group>"; };
		9256C1FE17CF1E1F00DE9AD7 /* XMPPDigestMD5Authentication.m */ = {isa = PBXFileReference; fileEncoding = 4; lastKnownFileType = sourcecode.c.objc; path = XMPPDigestMD5Authentication.m; sourceTree = "<group>"; };
		9256C20017CF1E1F00DE9AD7 /* XMPPPlainAuthentication.h */ = {isa = PBXFileReference; fileEncoding = 4; lastKnownFileType = sourcecode.c.h; path = XMPPPlainAuthentication.h; sourceTree = "<group>"; };
		9256C20117CF1E1F00DE9AD7 /* XMPPPlainAuthentication.m */ = {isa = PBXFileReference; fileEncoding = 4; lastKnownFileType = sourcecode.c.objc; path = XMPPPlainAuthentication.m; sourceTree = "<group>"; };
		9256C20317CF1E1F00DE9AD7 /* XMPPXFacebookPlatformAuthentication.h */ = {isa = PBXFileReference; fileEncoding = 4; lastKnownFileType = sourcecode.c.h; path = XMPPXFacebookPlatformAuthentication.h; sourceTree = "<group>"; };
		9256C20417CF1E1F00DE9AD7 /* XMPPXFacebookPlatformAuthentication.m */ = {isa = PBXFileReference; fileEncoding = 4; lastKnownFileType = sourcecode.c.objc; path = XMPPXFacebookPlatformAuthentication.m; sourceTree = "<group>"; };
		9256C20517CF1E1F00DE9AD7 /* XMPPSASLAuthentication.h */ = {isa = PBXFileReference; fileEncoding = 4; lastKnownFileType = sourcecode.c.h; path = XMPPSASLAuthentication.h; sourceTree = "<group>"; };
		9256C20717CF1E1F00DE9AD7 /* NSData+XMPP.h */ = {isa = PBXFileReference; fileEncoding = 4; lastKnownFileType = sourcecode.c.h; path = "NSData+XMPP.h"; sourceTree = "<group>"; };
		9256C20817CF1E1F00DE9AD7 /* NSData+XMPP.m */ = {isa = PBXFileReference; fileEncoding = 4; lastKnownFileType = sourcecode.c.objc; path = "NSData+XMPP.m"; sourceTree = "<group>"; };
		9256C20917CF1E1F00DE9AD7 /* NSNumber+XMPP.h */ = {isa = PBXFileReference; fileEncoding = 4; lastKnownFileType = sourcecode.c.h; path = "NSNumber+XMPP.h"; sourceTree = "<group>"; };
		9256C20A17CF1E1F00DE9AD7 /* NSNumber+XMPP.m */ = {isa = PBXFileReference; fileEncoding = 4; lastKnownFileType = sourcecode.c.objc; path = "NSNumber+XMPP.m"; sourceTree = "<group>"; };
		9256C20B17CF1E1F00DE9AD7 /* NSXMLElement+XMPP.h */ = {isa = PBXFileReference; fileEncoding = 4; lastKnownFileType = sourcecode.c.h; path = "NSXMLElement+XMPP.h"; sourceTree = "<group>"; };
		9256C20C17CF1E1F00DE9AD7 /* NSXMLElement+XMPP.m */ = {isa = PBXFileReference; fileEncoding = 4; lastKnownFileType = sourcecode.c.objc; path = "NSXMLElement+XMPP.m"; sourceTree = "<group>"; };
		9256C20E17CF1E1F00DE9AD7 /* XMPP.h */ = {isa = PBXFileReference; fileEncoding = 4; lastKnownFileType = sourcecode.c.h; path = XMPP.h; sourceTree = "<group>"; };
		9256C20F17CF1E1F00DE9AD7 /* XMPPElement.h */ = {isa = PBXFileReference; fileEncoding = 4; lastKnownFileType = sourcecode.c.h; path = XMPPElement.h; sourceTree = "<group>"; };
		9256C21017CF1E1F00DE9AD7 /* XMPPElement.m */ = {isa = PBXFileReference; fileEncoding = 4; lastKnownFileType = sourcecode.c.objc; path = XMPPElement.m; sourceTree = "<group>"; };
		9256C21117CF1E1F00DE9AD7 /* XMPPFramework.h */ = {isa = PBXFileReference; fileEncoding = 4; lastKnownFileType = sourcecode.c.h; path = XMPPFramework.h; sourceTree = "<group>"; };
		9256C21217CF1E1F00DE9AD7 /* XMPPInternal.h */ = {isa = PBXFileReference; fileEncoding = 4; lastKnownFileType = sourcecode.c.h; path = XMPPInternal.h; sourceTree = "<group>"; };
		9256C21317CF1E1F00DE9AD7 /* XMPPIQ.h */ = {isa = PBXFileReference; fileEncoding = 4; lastKnownFileType = sourcecode.c.h; path = XMPPIQ.h; sourceTree = "<group>"; };
		9256C21417CF1E1F00DE9AD7 /* XMPPIQ.m */ = {isa = PBXFileReference; fileEncoding = 4; lastKnownFileType = sourcecode.c.objc; path = XMPPIQ.m; sourceTree = "<group>"; };
		9256C21517CF1E1F00DE9AD7 /* XMPPJID.h */ = {isa = PBXFileReference; fileEncoding = 4; lastKnownFileType = sourcecode.c.h; path = XMPPJID.h; sourceTree = "<group>"; };
		9256C21617CF1E1F00DE9AD7 /* XMPPJID.m */ = {isa = PBXFileReference; fileEncoding = 4; lastKnownFileType = sourcecode.c.objc; path = XMPPJID.m; sourceTree = "<group>"; };
		9256C21717CF1E1F00DE9AD7 /* XMPPLogging.h */ = {isa = PBXFileReference; fileEncoding = 4; lastKnownFileType = sourcecode.c.h; path = XMPPLogging.h; sourceTree = "<group>"; };
		9256C21817CF1E1F00DE9AD7 /* XMPPMessage.h */ = {isa = PBXFileReference; fileEncoding = 4; lastKnownFileType = sourcecode.c.h; path = XMPPMessage.h; sourceTree = "<group>"; };
		9256C21917CF1E1F00DE9AD7 /* XMPPMessage.m */ = {isa = PBXFileReference; fileEncoding = 4; lastKnownFileType = sourcecode.c.objc; path = XMPPMessage.m; sourceTree = "<group>"; };
		9256C21A17CF1E1F00DE9AD7 /* XMPPModule.h */ = {isa = PBXFileReference; fileEncoding = 4; lastKnownFileType = sourcecode.c.h; path = XMPPModule.h; sourceTree = "<group>"; };
		9256C21B17CF1E1F00DE9AD7 /* XMPPModule.m */ = {isa = PBXFileReference; fileEncoding = 4; lastKnownFileType = sourcecode.c.objc; path = XMPPModule.m; sourceTree = "<group>"; };
		9256C21C17CF1E1F00DE9AD7 /* XMPPParser.h */ = {isa = PBXFileReference; fileEncoding = 4; lastKnownFileType = sourcecode.c.h; path = XMPPParser.h; sourceTree = "<group>"; };
		9256C21D17CF1E1F00DE9AD7 /* XMPPParser.m */ = {isa = PBXFileReference; fileEncoding = 4; lastKnownFileType = sourcecode.c.objc; path = XMPPParser.m; sourceTree = "<group>"; };
		9256C21E17CF1E1F00DE9AD7 /* XMPPPresence.h */ = {isa = PBXFileReference; fileEncoding = 4; lastKnownFileType = sourcecode.c.h; path = XMPPPresence.h; sourceTree = "<group>"; };
		9256C21F17CF1E1F00DE9AD7 /* XMPPPresence.m */ = {isa = PBXFileReference; fileEncoding = 4; lastKnownFileType = sourcecode.c.objc; path = XMPPPresence.m; sourceTree = "<group>"; };
		9256C22017CF1E1F00DE9AD7 /* XMPPStream.h */ = {isa = PBXFileReference; fileEncoding = 4; lastKnownFileType = sourcecode.c.h; path = XMPPStream.h; sourceTree = "<group>"; };
		9256C22117CF1E1F00DE9AD7 /* XMPPStream.m */ = {isa = PBXFileReference; fileEncoding = 4; lastKnownFileType = sourcecode.c.objc; path = XMPPStream.m; sourceTree = "<group>"; };
		9256C22317CF1E1F00DE9AD7 /* DDList.h */ = {isa = PBXFileReference; fileEncoding = 4; lastKnownFileType = sourcecode.c.h; path = DDList.h; sourceTree = "<group>"; };
		9256C22417CF1E1F00DE9AD7 /* DDList.m */ = {isa = PBXFileReference; fileEncoding = 4; lastKnownFileType = sourcecode.c.objc; path = DDList.m; sourceTree = "<group>"; };
		9256C22517CF1E1F00DE9AD7 /* GCDMulticastDelegate.h */ = {isa = PBXFileReference; fileEncoding = 4; lastKnownFileType = sourcecode.c.h; path = GCDMulticastDelegate.h; sourceTree = "<group>"; };
		9256C22617CF1E1F00DE9AD7 /* GCDMulticastDelegate.m */ = {isa = PBXFileReference; fileEncoding = 4; lastKnownFileType = sourcecode.c.objc; path = GCDMulticastDelegate.m; sourceTree = "<group>"; };
		9256C22717CF1E1F00DE9AD7 /* LibIDN.h */ = {isa = PBXFileReference; fileEncoding = 4; lastKnownFileType = sourcecode.c.h; path = LibIDN.h; sourceTree = "<group>"; };
		9256C22817CF1E1F00DE9AD7 /* LibIDN.m */ = {isa = PBXFileReference; fileEncoding = 4; lastKnownFileType = sourcecode.c.objc; path = LibIDN.m; sourceTree = "<group>"; };
		9256C22917CF1E1F00DE9AD7 /* RFImageToDataTransformer.h */ = {isa = PBXFileReference; fileEncoding = 4; lastKnownFileType = sourcecode.c.h; path = RFImageToDataTransformer.h; sourceTree = "<group>"; };
		9256C22A17CF1E1F00DE9AD7 /* RFImageToDataTransformer.m */ = {isa = PBXFileReference; fileEncoding = 4; lastKnownFileType = sourcecode.c.objc; path = RFImageToDataTransformer.m; sourceTree = "<group>"; };
		9256C22B17CF1E1F00DE9AD7 /* XMPPIDTracker.h */ = {isa = PBXFileReference; fileEncoding = 4; lastKnownFileType = sourcecode.c.h; path = XMPPIDTracker.h; sourceTree = "<group>"; };
		9256C22C17CF1E1F00DE9AD7 /* XMPPIDTracker.m */ = {isa = PBXFileReference; fileEncoding = 4; lastKnownFileType = sourcecode.c.objc; path = XMPPIDTracker.m; sourceTree = "<group>"; };
		9256C22D17CF1E1F00DE9AD7 /* XMPPSRVResolver.h */ = {isa = PBXFileReference; fileEncoding = 4; lastKnownFileType = sourcecode.c.h; path = XMPPSRVResolver.h; sourceTree = "<group>"; };
		9256C22E17CF1E1F00DE9AD7 /* XMPPSRVResolver.m */ = {isa = PBXFileReference; fileEncoding = 4; lastKnownFileType = sourcecode.c.objc; path = XMPPSRVResolver.m; sourceTree = "<group>"; };
		9256C23117CF1E1F00DE9AD7 /* GCDAsyncSocket.h */ = {isa = PBXFileReference; fileEncoding = 4; lastKnownFileType = sourcecode.c.h; path = GCDAsyncSocket.h; sourceTree = "<group>"; };
		9256C23217CF1E1F00DE9AD7 /* GCDAsyncSocket.m */ = {isa = PBXFileReference; fileEncoding = 4; lastKnownFileType = sourcecode.c.objc; path = GCDAsyncSocket.m; sourceTree = "<group>"; };
		9256C23417CF1E1F00DE9AD7 /* DDAbstractDatabaseLogger.h */ = {isa = PBXFileReference; fileEncoding = 4; lastKnownFileType = sourcecode.c.h; path = DDAbstractDatabaseLogger.h; sourceTree = "<group>"; };
		9256C23517CF1E1F00DE9AD7 /* DDAbstractDatabaseLogger.m */ = {isa = PBXFileReference; fileEncoding = 4; lastKnownFileType = sourcecode.c.objc; path = DDAbstractDatabaseLogger.m; sourceTree = "<group>"; };
		9256C23617CF1E1F00DE9AD7 /* DDASLLogger.h */ = {isa = PBXFileReference; fileEncoding = 4; lastKnownFileType = sourcecode.c.h; path = DDASLLogger.h; sourceTree = "<group>"; };
		9256C23717CF1E1F00DE9AD7 /* DDASLLogger.m */ = {isa = PBXFileReference; fileEncoding = 4; lastKnownFileType = sourcecode.c.objc; path = DDASLLogger.m; sourceTree = "<group>"; };
		9256C23817CF1E1F00DE9AD7 /* DDFileLogger.h */ = {isa = PBXFileReference; fileEncoding = 4; lastKnownFileType = sourcecode.c.h; path = DDFileLogger.h; sourceTree = "<group>"; };
		9256C23917CF1E1F00DE9AD7 /* DDFileLogger.m */ = {isa = PBXFileReference; fileEncoding = 4; lastKnownFileType = sourcecode.c.objc; path = DDFileLogger.m; sourceTree = "<group>"; };
		9256C23A17CF1E1F00DE9AD7 /* DDLog.h */ = {isa = PBXFileReference; fileEncoding = 4; lastKnownFileType = sourcecode.c.h; path = DDLog.h; sourceTree = "<group>"; };
		9256C23B17CF1E1F00DE9AD7 /* DDLog.m */ = {isa = PBXFileReference; fileEncoding = 4; lastKnownFileType = sourcecode.c.objc; path = DDLog.m; sourceTree = "<group>"; };
		9256C23C17CF1E1F00DE9AD7 /* DDTTYLogger.h */ = {isa = PBXFileReference; fileEncoding = 4; lastKnownFileType = sourcecode.c.h; path = DDTTYLogger.h; sourceTree = "<group>"; };
		9256C23D17CF1E1F00DE9AD7 /* DDTTYLogger.m */ = {isa = PBXFileReference; fileEncoding = 4; lastKnownFileType = sourcecode.c.objc; path = DDTTYLogger.m; sourceTree = "<group>"; };
		9256C23F17CF1E1F00DE9AD7 /* ContextFilterLogFormatter.h */ = {isa = PBXFileReference; fileEncoding = 4; lastKnownFileType = sourcecode.c.h; path = ContextFilterLogFormatter.h; sourceTree = "<group>"; };
		9256C24017CF1E1F00DE9AD7 /* ContextFilterLogFormatter.m */ = {isa = PBXFileReference; fileEncoding = 4; lastKnownFileType = sourcecode.c.objc; path = ContextFilterLogFormatter.m; sourceTree = "<group>"; };
		9256C24117CF1E1F00DE9AD7 /* DispatchQueueLogFormatter.h */ = {isa = PBXFileReference; fileEncoding = 4; lastKnownFileType = sourcecode.c.h; path = DispatchQueueLogFormatter.h; sourceTree = "<group>"; };
		9256C24217CF1E1F00DE9AD7 /* DispatchQueueLogFormatter.m */ = {isa = PBXFileReference; fileEncoding = 4; lastKnownFileType = sourcecode.c.objc; path = DispatchQueueLogFormatter.m; sourceTree = "<group>"; };
		9256C24317CF1E1F00DE9AD7 /* README.txt */ = {isa = PBXFileReference; fileEncoding = 4; lastKnownFileType = text; path = README.txt; sourceTree = "<group>"; };
		9256C24717CF1E1F00DE9AD7 /* NSString+DDXML.h */ = {isa = PBXFileReference; fileEncoding = 4; lastKnownFileType = sourcecode.c.h; path = "NSString+DDXML.h"; sourceTree = "<group>"; };
		9256C24817CF1E1F00DE9AD7 /* NSString+DDXML.m */ = {isa = PBXFileReference; fileEncoding = 4; lastKnownFileType = sourcecode.c.objc; path = "NSString+DDXML.m"; sourceTree = "<group>"; };
		9256C24917CF1E1F00DE9AD7 /* DDXML.h */ = {isa = PBXFileReference; fileEncoding = 4; lastKnownFileType = sourcecode.c.h; path = DDXML.h; sourceTree = "<group>"; };
		9256C24A17CF1E1F00DE9AD7 /* DDXMLDocument.h */ = {isa = PBXFileReference; fileEncoding = 4; lastKnownFileType = sourcecode.c.h; path = DDXMLDocument.h; sourceTree = "<group>"; };
		9256C24B17CF1E1F00DE9AD7 /* DDXMLDocument.m */ = {isa = PBXFileReference; fileEncoding = 4; lastKnownFileType = sourcecode.c.objc; path = DDXMLDocument.m; sourceTree = "<group>"; };
		9256C24C17CF1E1F00DE9AD7 /* DDXMLElement.h */ = {isa = PBXFileReference; fileEncoding = 4; lastKnownFileType = sourcecode.c.h; path = DDXMLElement.h; sourceTree = "<group>"; };
		9256C24D17CF1E1F00DE9AD7 /* DDXMLElement.m */ = {isa = PBXFileReference; fileEncoding = 4; lastKnownFileType = sourcecode.c.objc; path = DDXMLElement.m; sourceTree = "<group>"; };
		9256C24E17CF1E1F00DE9AD7 /* DDXMLNode.h */ = {isa = PBXFileReference; fileEncoding = 4; lastKnownFileType = sourcecode.c.h; path = DDXMLNode.h; sourceTree = "<group>"; };
		9256C24F17CF1E1F00DE9AD7 /* DDXMLNode.m */ = {isa = PBXFileReference; fileEncoding = 4; lastKnownFileType = sourcecode.c.objc; path = DDXMLNode.m; sourceTree = "<group>"; };
		9256C25117CF1E1F00DE9AD7 /* DDXMLPrivate.h */ = {isa = PBXFileReference; fileEncoding = 4; lastKnownFileType = sourcecode.c.h; path = DDXMLPrivate.h; sourceTree = "<group>"; };
		9256C25317CF1E1F00DE9AD7 /* idn-int.h */ = {isa = PBXFileReference; fileEncoding = 4; lastKnownFileType = sourcecode.c.h; path = "idn-int.h"; sourceTree = "<group>"; };
		9256C25417CF1E1F00DE9AD7 /* libidn-1.24.tar.gz */ = {isa = PBXFileReference; lastKnownFileType = archive.gzip; path = "libidn-1.24.tar.gz"; sourceTree = "<group>"; };
		9256C25517CF1E1F00DE9AD7 /* libidn.a */ = {isa = PBXFileReference; lastKnownFileType = archive.ar; path = libidn.a; sourceTree = "<group>"; };
		9256C25617CF1E1F00DE9AD7 /* stringprep.h */ = {isa = PBXFileReference; fileEncoding = 4; lastKnownFileType = sourcecode.c.h; path = stringprep.h; sourceTree = "<group>"; };
		9256C2CF17CF1F6E00DE9AD7 /* libxml2.dylib */ = {isa = PBXFileReference; lastKnownFileType = "compiled.mach-o.dylib"; name = libxml2.dylib; path = usr/lib/libxml2.dylib; sourceTree = SDKROOT; };
		9256C2D117CF1F7B00DE9AD7 /* libresolv.dylib */ = {isa = PBXFileReference; lastKnownFileType = "compiled.mach-o.dylib"; name = libresolv.dylib; path = usr/lib/libresolv.dylib; sourceTree = SDKROOT; };
		9256C2D317CF1F8F00DE9AD7 /* Security.framework */ = {isa = PBXFileReference; lastKnownFileType = wrapper.framework; name = Security.framework; path = System/Library/Frameworks/Security.framework; sourceTree = SDKROOT; };
		9256C2D517CF1F9700DE9AD7 /* CFNetwork.framework */ = {isa = PBXFileReference; lastKnownFileType = wrapper.framework; name = CFNetwork.framework; path = System/Library/Frameworks/CFNetwork.framework; sourceTree = SDKROOT; };
/* End PBXFileReference section */

/* Begin PBXFrameworksBuildPhase section */
		924DE99317C737A9008EA392 /* Frameworks */ = {
			isa = PBXFrameworksBuildPhase;
			buildActionMask = 2147483647;
			files = (
				9256C2D617CF1F9700DE9AD7 /* CFNetwork.framework in Frameworks */,
				9256C2D417CF1F8F00DE9AD7 /* Security.framework in Frameworks */,
				9256C2D217CF1F7B00DE9AD7 /* libresolv.dylib in Frameworks */,
				9256C2D017CF1F6E00DE9AD7 /* libxml2.dylib in Frameworks */,
				924DED3617C76D46008EA392 /* CoreData.framework in Frameworks */,
				924DED3417C76CBE008EA392 /* SystemConfiguration.framework in Frameworks */,
				924DEAF517C743AD008EA392 /* CoreLocation.framework in Frameworks */,
				924DEAF317C743A0008EA392 /* MapKit.framework in Frameworks */,
				924DEAF117C74395008EA392 /* QuartzCore.framework in Frameworks */,
				924DE99A17C737A9008EA392 /* UIKit.framework in Frameworks */,
				924DE99C17C737A9008EA392 /* Foundation.framework in Frameworks */,
				924DE99E17C737A9008EA392 /* CoreGraphics.framework in Frameworks */,
				9256C2D717CF1FC400DE9AD7 /* libidn.a in Frameworks */,
			);
			runOnlyForDeploymentPostprocessing = 0;
		};
/* End PBXFrameworksBuildPhase section */

/* Begin PBXGroup section */
		9218DAF917D085B60000EA56 /* AFNetworking */ = {
			isa = PBXGroup;
			children = (
				9218DAFA17D085B60000EA56 /* AFHTTPClient.h */,
				9218DAFB17D085B60000EA56 /* AFHTTPClient.m */,
				9218DAFC17D085B60000EA56 /* AFHTTPRequestOperation.h */,
				9218DAFD17D085B60000EA56 /* AFHTTPRequestOperation.m */,
				9218DAFE17D085B60000EA56 /* AFImageCache.h */,
				9218DAFF17D085B60000EA56 /* AFImageCache.m */,
				9218DB0017D085B60000EA56 /* AFImageRequestOperation.h */,
				9218DB0117D085B60000EA56 /* AFImageRequestOperation.m */,
				9218DB0217D085B60000EA56 /* AFJSONRequestOperation.h */,
				9218DB0317D085B60000EA56 /* AFJSONRequestOperation.m */,
				9218DB0417D085B60000EA56 /* AFNetworkActivityIndicatorManager.h */,
				9218DB0517D085B60000EA56 /* AFNetworkActivityIndicatorManager.m */,
				9218DB0617D085B60000EA56 /* AFNetworking.h */,
				9218DB0717D085B60000EA56 /* AFPropertyListRequestOperation.h */,
				9218DB0817D085B60000EA56 /* AFPropertyListRequestOperation.m */,
				9218DB0917D085B60000EA56 /* AFURLConnectionOperation.h */,
				9218DB0A17D085B60000EA56 /* AFURLConnectionOperation.m */,
				9218DB0B17D085B60000EA56 /* AFXMLRequestOperation.h */,
				9218DB0C17D085B60000EA56 /* AFXMLRequestOperation.m */,
				9218DB0D17D085B60000EA56 /* UIImageView+AFNetworking.h */,
				9218DB0E17D085B60000EA56 /* UIImageView+AFNetworking.m */,
			);
			path = AFNetworking;
			sourceTree = "<group>";
		};
		924DE98D17C737A9008EA392 = {
			isa = PBXGroup;
			children = (
				9218DAF917D085B60000EA56 /* AFNetworking */,
				9256C1F117CF1E1F00DE9AD7 /* XMPP */,
				924DEADF17C74364008EA392 /* BrowserViewController */,
				924DEAC617C742EC008EA392 /* Helpers */,
				924DEAD317C742EC008EA392 /* SVProgressHUD */,
				924DEAB217C741FF008EA392 /* AFURLCache */,
				924DEAB517C74200008EA392 /* RefreshTableHeaderView */,
				924DE99F17C737A9008EA392 /* iosapp */,
				924DE9BD17C737AA008EA392 /* iosappTests */,
				924DE99817C737A9008EA392 /* Frameworks */,
				924DE99717C737A9008EA392 /* Products */,
			);
			sourceTree = "<group>";
		};
		924DE99717C737A9008EA392 /* Products */ = {
			isa = PBXGroup;
			children = (
				924DE99617C737A9008EA392 /* iosapp.app */,
			);
			name = Products;
			sourceTree = "<group>";
		};
		924DE99817C737A9008EA392 /* Frameworks */ = {
			isa = PBXGroup;
			children = (
				924DED3517C76D46008EA392 /* CoreData.framework */,
				924DED3317C76CBD008EA392 /* SystemConfiguration.framework */,
				924DEAF417C743AC008EA392 /* CoreLocation.framework */,
				924DEAF217C743A0008EA392 /* MapKit.framework */,
				924DEAF017C74395008EA392 /* QuartzCore.framework */,
				9256C2D517CF1F9700DE9AD7 /* CFNetwork.framework */,
				9256C2D317CF1F8F00DE9AD7 /* Security.framework */,
				9256C2D117CF1F7B00DE9AD7 /* libresolv.dylib */,
				9256C2CF17CF1F6E00DE9AD7 /* libxml2.dylib */,
				924DE99917C737A9008EA392 /* UIKit.framework */,
				924DE99B17C737A9008EA392 /* Foundation.framework */,
				924DE99D17C737A9008EA392 /* CoreGraphics.framework */,
				924DE9B717C737A9008EA392 /* SenTestingKit.framework */,
			);
			name = Frameworks;
			sourceTree = "<group>";
		};
		924DE99F17C737A9008EA392 /* iosapp */ = {
			isa = PBXGroup;
			children = (
				9256C1ED17CF19F800DE9AD7 /* Statics.h */,
				9256C1EE17CF19F800DE9AD7 /* Statics.m */,
				924DEB0A17C7456D008EA392 /* LocalConfig.h */,
				924DEB0B17C7456D008EA392 /* LocalConfig.m */,
				924DEB0C17C7456D008EA392 /* localconfig.plist */,
				924DEA8617C73F78008EA392 /* ui */,
				924DEA8117C73E59008EA392 /* ress */,
				924DEA6017C73B65008EA392 /* views */,
				924DE9A817C737A9008EA392 /* AppDelegate.h */,
				924DE9A917C737A9008EA392 /* AppDelegate.m */,
				924DE9A017C737A9008EA392 /* Supporting Files */,
			);
			path = iosapp;
			sourceTree = "<group>";
		};
		924DE9A017C737A9008EA392 /* Supporting Files */ = {
			isa = PBXGroup;
			children = (
				924DE9A117C737A9008EA392 /* iosapp-Info.plist */,
				924DE9A217C737A9008EA392 /* InfoPlist.strings */,
				924DE9A517C737A9008EA392 /* main.m */,
				924DE9A717C737A9008EA392 /* iosapp-Prefix.pch */,
			);
			name = "Supporting Files";
			sourceTree = "<group>";
		};
		924DE9BD17C737AA008EA392 /* iosappTests */ = {
			isa = PBXGroup;
			children = (
				924DE9C317C737AA008EA392 /* iosappTests.h */,
				924DE9C417C737AA008EA392 /* iosappTests.m */,
				924DE9BE17C737AA008EA392 /* Supporting Files */,
			);
			path = iosappTests;
			sourceTree = "<group>";
		};
		924DE9BE17C737AA008EA392 /* Supporting Files */ = {
			isa = PBXGroup;
			children = (
				924DE9BF17C737AA008EA392 /* iosappTests-Info.plist */,
				924DE9C017C737AA008EA392 /* InfoPlist.strings */,
			);
			name = "Supporting Files";
			sourceTree = "<group>";
		};
		924DEA6017C73B65008EA392 /* views */ = {
			isa = PBXGroup;
			children = (
				92456CA017D19DD1005CB5D4 /* LoginView.h */,
				92456CA117D19DD1005CB5D4 /* LoginView.m */,
				92456CA217D19DD1005CB5D4 /* LoginView.xib */,
				92456C9317D19948005CB5D4 /* SettingView.h */,
				92456C9417D19948005CB5D4 /* SettingView.m */,
				92456C9517D19949005CB5D4 /* SettingView.xib */,
				924DEAFB17C74426008EA392 /* NewsBase.h */,
				924DEAFC17C74426008EA392 /* NewsBase.m */,
				924DEAFD17C74426008EA392 /* NewsBase.xib */,
				924DEB0F17C745FA008EA392 /* NewsView.h */,
				924DEB1017C745FA008EA392 /* NewsView.m */,
				924DEB1117C745FA008EA392 /* NewsView.xib */,
				924DEB3517C76023008EA392 /* XMPPBase.h */,
				924DEB3617C76023008EA392 /* XMPPBase.m */,
				924DEB3717C76023008EA392 /* XMPPBase.xib */,
				9225A83917C87E150077A844 /* ChatDelegate.h */,
				9225A83E17C89F070077A844 /* MessageDelegate.h */,
				9218DB1917D089CA0000EA56 /* Friends.h */,
				9218DB1A17D089CA0000EA56 /* Friends.m */,
				9218DB1B17D089CA0000EA56 /* Friends.xib */,
				9214770917D0965800C0F067 /* Chat.h */,
				9214770A17D0965800C0F067 /* Chat.m */,
				9214770B17D0965800C0F067 /* Chat.xib */,
			);
			path = views;
			sourceTree = "<group>";
		};
		924DEA8117C73E59008EA392 /* ress */ = {
			isa = PBXGroup;
			children = (
				92456C9E17D19CE8005CB5D4 /* more@2x.png */,
				92456C9617D19AB7005CB5D4 /* setting@2x.png */,
				9214771017D09C2000C0F067 /* BlueBubble2.png */,
				9214771117D09C2000C0F067 /* GreenBubble2.png */,
				9214771217D09C2000C0F067 /* aqua.png */,
				9214771317D09C2000C0F067 /* orange.png */,
				924DEB3A17C76060008EA392 /* tweet@2x.png */,
				924DEB3317C7572D008EA392 /* searchWhite@2x.png */,
				924DEB1817C74C0C008EA392 /* info@2x.png */,
				924DEA8217C73E59008EA392 /* answer@2x.png */,
			);
			path = ress;
			sourceTree = "<group>";
		};
		924DEA8617C73F78008EA392 /* ui */ = {
			isa = PBXGroup;
			children = (
				9214770E17D09BF100C0F067 /* MessageCell.h */,
				9214770F17D09BF100C0F067 /* MessageCell.m */,
				92456C9A17D19B93005CB5D4 /* SettingModel.h */,
				92456C9B17D19B93005CB5D4 /* SettingModel.m */,
				924DEA8C17C73F9F008EA392 /* NewsCell.h */,
				924DEA8D17C73F9F008EA392 /* NewsCell.m */,
				924DEA8E17C73F9F008EA392 /* NewsCell.xib */,
				924DEA8717C73F87008EA392 /* PostCell.h */,
				924DEA8817C73F87008EA392 /* PostCell.m */,
				924DEA8917C73F87008EA392 /* PostCell.xib */,
			);
			path = ui;
			sourceTree = "<group>";
		};
		924DEAB217C741FF008EA392 /* AFURLCache */ = {
			isa = PBXGroup;
			children = (
				924DEAB317C74200008EA392 /* AFURLCache.h */,
				924DEAB417C74200008EA392 /* AFURLCache.m */,
			);
			path = AFURLCache;
			sourceTree = "<group>";
		};
		924DEAB517C74200008EA392 /* RefreshTableHeaderView */ = {
			isa = PBXGroup;
			children = (
				924DEAB617C74200008EA392 /* blackArrow.png */,
				924DEAB717C74200008EA392 /* blackArrow@2x.png */,
				924DEAB817C74200008EA392 /* blueArrow.png */,
				924DEAB917C74200008EA392 /* blueArrow@2x.png */,
				924DEABA17C74200008EA392 /* EGORefreshTableHeaderView.h */,
				924DEABB17C74200008EA392 /* EGORefreshTableHeaderView.m */,
				924DEABC17C74200008EA392 /* grayArrow.png */,
				924DEABD17C74200008EA392 /* grayArrow@2x.png */,
			);
			path = RefreshTableHeaderView;
			sourceTree = "<group>";
		};
		924DEAC617C742EC008EA392 /* Helpers */ = {
			isa = PBXGroup;
			children = (
				924DEAC717C742EC008EA392 /* DataHelper.h */,
				924DEAC817C742EC008EA392 /* DataHelper.m */,
				924DEAC917C742EC008EA392 /* DictionaryHelper.h */,
				924DEACA17C742EC008EA392 /* DictionaryHelper.m */,
				924DEACB17C742EC008EA392 /* FastCell.h */,
				924DEACC17C742EC008EA392 /* FastCell.m */,
				924DEACD17C742EC008EA392 /* JSONKit.h */,
				924DEACE17C742EC008EA392 /* JSONKit.m */,
				924DEACF17C742EC008EA392 /* ListViewController.h */,
				924DEAD017C742EC008EA392 /* ListViewController.m */,
				924DEAD117C742EC008EA392 /* StringHelper.h */,
				924DEAD217C742EC008EA392 /* StringHelper.m */,
			);
			path = Helpers;
			sourceTree = "<group>";
		};
		924DEAD317C742EC008EA392 /* SVProgressHUD */ = {
			isa = PBXGroup;
			children = (
				924DEAD417C742EC008EA392 /* SVProgressHUD.bundle */,
				924DEAD517C742EC008EA392 /* SVProgressHUD.h */,
				924DEAD617C742EC008EA392 /* SVProgressHUD.m */,
			);
			path = SVProgressHUD;
			sourceTree = "<group>";
		};
		924DEADF17C74364008EA392 /* BrowserViewController */ = {
			isa = PBXGroup;
			children = (
				924DEAE017C74364008EA392 /* BrowserSampleViewController.h */,
				924DEAE117C74364008EA392 /* BrowserSampleViewController.m */,
				924DEAE217C74364008EA392 /* BrowserSampleViewController.xib */,
				924DEAE317C74364008EA392 /* left.png */,
				924DEAE417C74364008EA392 /* left@2x.png */,
				924DEAE517C74364008EA392 /* MyApplication.h */,
				924DEAE617C74364008EA392 /* MyApplication.m */,
				924DEAE717C74364008EA392 /* right.png */,
				924DEAE817C74364008EA392 /* right@2x.png */,
			);
			path = BrowserViewController;
			sourceTree = "<group>";
		};
		9256C1F117CF1E1F00DE9AD7 /* XMPP */ = {
			isa = PBXGroup;
			children = (
				9256C1F217CF1E1F00DE9AD7 /* Authentication */,
				9256C20617CF1E1F00DE9AD7 /* Categories */,
				9256C20D17CF1E1F00DE9AD7 /* Core */,
				9256C22217CF1E1F00DE9AD7 /* Utilities */,
				9256C22F17CF1E1F00DE9AD7 /* Vendor */,
			);
			path = XMPP;
			sourceTree = "<group>";
		};
		9256C1F217CF1E1F00DE9AD7 /* Authentication */ = {
			isa = PBXGroup;
			children = (
				9256C1F317CF1E1F00DE9AD7 /* Anonymous */,
				9256C1F617CF1E1F00DE9AD7 /* Deprecated-Digest */,
				9256C1F917CF1E1F00DE9AD7 /* Deprecated-Plain */,
				9256C1FC17CF1E1F00DE9AD7 /* Digest-MD5 */,
				9256C1FF17CF1E1F00DE9AD7 /* Plain */,
				9256C20217CF1E1F00DE9AD7 /* X-Facebook-Platform */,
				9256C20517CF1E1F00DE9AD7 /* XMPPSASLAuthentication.h */,
			);
			path = Authentication;
			sourceTree = "<group>";
		};
		9256C1F317CF1E1F00DE9AD7 /* Anonymous */ = {
			isa = PBXGroup;
			children = (
				9256C1F417CF1E1F00DE9AD7 /* XMPPAnonymousAuthentication.h */,
				9256C1F517CF1E1F00DE9AD7 /* XMPPAnonymousAuthentication.m */,
			);
			path = Anonymous;
			sourceTree = "<group>";
		};
		9256C1F617CF1E1F00DE9AD7 /* Deprecated-Digest */ = {
			isa = PBXGroup;
			children = (
				9256C1F717CF1E1F00DE9AD7 /* XMPPDeprecatedDigestAuthentication.h */,
				9256C1F817CF1E1F00DE9AD7 /* XMPPDeprecatedDigestAuthentication.m */,
			);
			path = "Deprecated-Digest";
			sourceTree = "<group>";
		};
		9256C1F917CF1E1F00DE9AD7 /* Deprecated-Plain */ = {
			isa = PBXGroup;
			children = (
				9256C1FA17CF1E1F00DE9AD7 /* XMPPDeprecatedPlainAuthentication.h */,
				9256C1FB17CF1E1F00DE9AD7 /* XMPPDeprecatedPlainAuthentication.m */,
			);
			path = "Deprecated-Plain";
			sourceTree = "<group>";
		};
		9256C1FC17CF1E1F00DE9AD7 /* Digest-MD5 */ = {
			isa = PBXGroup;
			children = (
				9256C1FD17CF1E1F00DE9AD7 /* XMPPDigestMD5Authentication.h */,
				9256C1FE17CF1E1F00DE9AD7 /* XMPPDigestMD5Authentication.m */,
			);
			path = "Digest-MD5";
			sourceTree = "<group>";
		};
		9256C1FF17CF1E1F00DE9AD7 /* Plain */ = {
			isa = PBXGroup;
			children = (
				9256C20017CF1E1F00DE9AD7 /* XMPPPlainAuthentication.h */,
				9256C20117CF1E1F00DE9AD7 /* XMPPPlainAuthentication.m */,
			);
			path = Plain;
			sourceTree = "<group>";
		};
		9256C20217CF1E1F00DE9AD7 /* X-Facebook-Platform */ = {
			isa = PBXGroup;
			children = (
				9256C20317CF1E1F00DE9AD7 /* XMPPXFacebookPlatformAuthentication.h */,
				9256C20417CF1E1F00DE9AD7 /* XMPPXFacebookPlatformAuthentication.m */,
			);
			path = "X-Facebook-Platform";
			sourceTree = "<group>";
		};
		9256C20617CF1E1F00DE9AD7 /* Categories */ = {
			isa = PBXGroup;
			children = (
				9256C20717CF1E1F00DE9AD7 /* NSData+XMPP.h */,
				9256C20817CF1E1F00DE9AD7 /* NSData+XMPP.m */,
				9256C20917CF1E1F00DE9AD7 /* NSNumber+XMPP.h */,
				9256C20A17CF1E1F00DE9AD7 /* NSNumber+XMPP.m */,
				9256C20B17CF1E1F00DE9AD7 /* NSXMLElement+XMPP.h */,
				9256C20C17CF1E1F00DE9AD7 /* NSXMLElement+XMPP.m */,
			);
			path = Categories;
			sourceTree = "<group>";
		};
		9256C20D17CF1E1F00DE9AD7 /* Core */ = {
			isa = PBXGroup;
			children = (
				9256C20E17CF1E1F00DE9AD7 /* XMPP.h */,
				9256C20F17CF1E1F00DE9AD7 /* XMPPElement.h */,
				9256C21017CF1E1F00DE9AD7 /* XMPPElement.m */,
				9256C21117CF1E1F00DE9AD7 /* XMPPFramework.h */,
				9256C21217CF1E1F00DE9AD7 /* XMPPInternal.h */,
				9256C21317CF1E1F00DE9AD7 /* XMPPIQ.h */,
				9256C21417CF1E1F00DE9AD7 /* XMPPIQ.m */,
				9256C21517CF1E1F00DE9AD7 /* XMPPJID.h */,
				9256C21617CF1E1F00DE9AD7 /* XMPPJID.m */,
				9256C21717CF1E1F00DE9AD7 /* XMPPLogging.h */,
				9256C21817CF1E1F00DE9AD7 /* XMPPMessage.h */,
				9256C21917CF1E1F00DE9AD7 /* XMPPMessage.m */,
				9256C21A17CF1E1F00DE9AD7 /* XMPPModule.h */,
				9256C21B17CF1E1F00DE9AD7 /* XMPPModule.m */,
				9256C21C17CF1E1F00DE9AD7 /* XMPPParser.h */,
				9256C21D17CF1E1F00DE9AD7 /* XMPPParser.m */,
				9256C21E17CF1E1F00DE9AD7 /* XMPPPresence.h */,
				9256C21F17CF1E1F00DE9AD7 /* XMPPPresence.m */,
				9256C22017CF1E1F00DE9AD7 /* XMPPStream.h */,
				9256C22117CF1E1F00DE9AD7 /* XMPPStream.m */,
			);
			path = Core;
			sourceTree = "<group>";
		};
		9256C22217CF1E1F00DE9AD7 /* Utilities */ = {
			isa = PBXGroup;
			children = (
				9256C22317CF1E1F00DE9AD7 /* DDList.h */,
				9256C22417CF1E1F00DE9AD7 /* DDList.m */,
				9256C22517CF1E1F00DE9AD7 /* GCDMulticastDelegate.h */,
				9256C22617CF1E1F00DE9AD7 /* GCDMulticastDelegate.m */,
				9256C22717CF1E1F00DE9AD7 /* LibIDN.h */,
				9256C22817CF1E1F00DE9AD7 /* LibIDN.m */,
				9256C22917CF1E1F00DE9AD7 /* RFImageToDataTransformer.h */,
				9256C22A17CF1E1F00DE9AD7 /* RFImageToDataTransformer.m */,
				9256C22B17CF1E1F00DE9AD7 /* XMPPIDTracker.h */,
				9256C22C17CF1E1F00DE9AD7 /* XMPPIDTracker.m */,
				9256C22D17CF1E1F00DE9AD7 /* XMPPSRVResolver.h */,
				9256C22E17CF1E1F00DE9AD7 /* XMPPSRVResolver.m */,
			);
			path = Utilities;
			sourceTree = "<group>";
		};
		9256C22F17CF1E1F00DE9AD7 /* Vendor */ = {
			isa = PBXGroup;
			children = (
				9256C23017CF1E1F00DE9AD7 /* CocoaAsyncSocket */,
				9256C23317CF1E1F00DE9AD7 /* CocoaLumberjack */,
				9256C24417CF1E1F00DE9AD7 /* facebook-ios-sdk */,
				9256C24517CF1E1F00DE9AD7 /* KissXML */,
				9256C25217CF1E1F00DE9AD7 /* libidn */,
			);
			path = Vendor;
			sourceTree = "<group>";
		};
		9256C23017CF1E1F00DE9AD7 /* CocoaAsyncSocket */ = {
			isa = PBXGroup;
			children = (
				9256C23117CF1E1F00DE9AD7 /* GCDAsyncSocket.h */,
				9256C23217CF1E1F00DE9AD7 /* GCDAsyncSocket.m */,
			);
			path = CocoaAsyncSocket;
			sourceTree = "<group>";
		};
		9256C23317CF1E1F00DE9AD7 /* CocoaLumberjack */ = {
			isa = PBXGroup;
			children = (
				9256C23417CF1E1F00DE9AD7 /* DDAbstractDatabaseLogger.h */,
				9256C23517CF1E1F00DE9AD7 /* DDAbstractDatabaseLogger.m */,
				9256C23617CF1E1F00DE9AD7 /* DDASLLogger.h */,
				9256C23717CF1E1F00DE9AD7 /* DDASLLogger.m */,
				9256C23817CF1E1F00DE9AD7 /* DDFileLogger.h */,
				9256C23917CF1E1F00DE9AD7 /* DDFileLogger.m */,
				9256C23A17CF1E1F00DE9AD7 /* DDLog.h */,
				9256C23B17CF1E1F00DE9AD7 /* DDLog.m */,
				9256C23C17CF1E1F00DE9AD7 /* DDTTYLogger.h */,
				9256C23D17CF1E1F00DE9AD7 /* DDTTYLogger.m */,
				9256C23E17CF1E1F00DE9AD7 /* Extensions */,
			);
			path = CocoaLumberjack;
			sourceTree = "<group>";
		};
		9256C23E17CF1E1F00DE9AD7 /* Extensions */ = {
			isa = PBXGroup;
			children = (
				9256C23F17CF1E1F00DE9AD7 /* ContextFilterLogFormatter.h */,
				9256C24017CF1E1F00DE9AD7 /* ContextFilterLogFormatter.m */,
				9256C24117CF1E1F00DE9AD7 /* DispatchQueueLogFormatter.h */,
				9256C24217CF1E1F00DE9AD7 /* DispatchQueueLogFormatter.m */,
				9256C24317CF1E1F00DE9AD7 /* README.txt */,
			);
			path = Extensions;
			sourceTree = "<group>";
		};
		9256C24417CF1E1F00DE9AD7 /* facebook-ios-sdk */ = {
			isa = PBXGroup;
			children = (
			);
			path = "facebook-ios-sdk";
			sourceTree = "<group>";
		};
		9256C24517CF1E1F00DE9AD7 /* KissXML */ = {
			isa = PBXGroup;
			children = (
				9256C24617CF1E1F00DE9AD7 /* Categories */,
				9256C24917CF1E1F00DE9AD7 /* DDXML.h */,
				9256C24A17CF1E1F00DE9AD7 /* DDXMLDocument.h */,
				9256C24B17CF1E1F00DE9AD7 /* DDXMLDocument.m */,
				9256C24C17CF1E1F00DE9AD7 /* DDXMLElement.h */,
				9256C24D17CF1E1F00DE9AD7 /* DDXMLElement.m */,
				9256C24E17CF1E1F00DE9AD7 /* DDXMLNode.h */,
				9256C24F17CF1E1F00DE9AD7 /* DDXMLNode.m */,
				9256C25017CF1E1F00DE9AD7 /* Private */,
			);
			path = KissXML;
			sourceTree = "<group>";
		};
		9256C24617CF1E1F00DE9AD7 /* Categories */ = {
			isa = PBXGroup;
			children = (
				9256C24717CF1E1F00DE9AD7 /* NSString+DDXML.h */,
				9256C24817CF1E1F00DE9AD7 /* NSString+DDXML.m */,
			);
			path = Categories;
			sourceTree = "<group>";
		};
		9256C25017CF1E1F00DE9AD7 /* Private */ = {
			isa = PBXGroup;
			children = (
				9256C25117CF1E1F00DE9AD7 /* DDXMLPrivate.h */,
			);
			path = Private;
			sourceTree = "<group>";
		};
		9256C25217CF1E1F00DE9AD7 /* libidn */ = {
			isa = PBXGroup;
			children = (
				9256C25317CF1E1F00DE9AD7 /* idn-int.h */,
				9256C25417CF1E1F00DE9AD7 /* libidn-1.24.tar.gz */,
				9256C25517CF1E1F00DE9AD7 /* libidn.a */,
				9256C25617CF1E1F00DE9AD7 /* stringprep.h */,
			);
			path = libidn;
			sourceTree = "<group>";
		};
/* End PBXGroup section */

/* Begin PBXNativeTarget section */
		924DE99517C737A9008EA392 /* iosapp */ = {
			isa = PBXNativeTarget;
			buildConfigurationList = 924DE9C817C737AA008EA392 /* Build configuration list for PBXNativeTarget "iosapp" */;
			buildPhases = (
				924DE99217C737A9008EA392 /* Sources */,
				924DE99317C737A9008EA392 /* Frameworks */,
				924DE99417C737A9008EA392 /* Resources */,
			);
			buildRules = (
			);
			dependencies = (
			);
			name = iosapp;
			productName = iosapp;
			productReference = 924DE99617C737A9008EA392 /* iosapp.app */;
			productType = "com.apple.product-type.application";
		};
/* End PBXNativeTarget section */

/* Begin PBXProject section */
		924DE98E17C737A9008EA392 /* Project object */ = {
			isa = PBXProject;
			attributes = {
				LastUpgradeCheck = 0460;
				ORGANIZATIONNAME = comger;
			};
			buildConfigurationList = 924DE99117C737A9008EA392 /* Build configuration list for PBXProject "iosapp" */;
			compatibilityVersion = "Xcode 3.2";
			developmentRegion = English;
			hasScannedForEncodings = 0;
			knownRegions = (
				en,
			);
			mainGroup = 924DE98D17C737A9008EA392;
			productRefGroup = 924DE99717C737A9008EA392 /* Products */;
			projectDirPath = "";
			projectRoot = "";
			targets = (
				924DE99517C737A9008EA392 /* iosapp */,
			);
		};
/* End PBXProject section */

/* Begin PBXResourcesBuildPhase section */
		924DE99417C737A9008EA392 /* Resources */ = {
			isa = PBXResourcesBuildPhase;
			buildActionMask = 2147483647;
			files = (
				924DE9A417C737A9008EA392 /* InfoPlist.strings in Resources */,
				924DEA8317C73E59008EA392 /* answer@2x.png in Resources */,
				924DEB1317C745FA008EA392 /* NewsView.xib in Resources */,
				924DEB1717C74B56008EA392 /* NewsBase.xib in Resources */,
				924DEB1917C74C0C008EA392 /* info@2x.png in Resources */,
				924DEB3217C7554C008EA392 /* NewsCell.xib in Resources */,
				924DEB3417C7572D008EA392 /* searchWhite@2x.png in Resources */,
				924DEB3917C76023008EA392 /* XMPPBase.xib in Resources */,
				924DEB3B17C76060008EA392 /* tweet@2x.png in Resources */,
				9218DB1D17D089CA0000EA56 /* Friends.xib in Resources */,
				9214770D17D0965800C0F067 /* Chat.xib in Resources */,
				9214771417D09C2000C0F067 /* BlueBubble2.png in Resources */,
				9214771517D09C2000C0F067 /* GreenBubble2.png in Resources */,
				9214771617D09C2000C0F067 /* aqua.png in Resources */,
				9214771717D09C2000C0F067 /* orange.png in Resources */,
				92456C9717D19AB7005CB5D4 /* setting@2x.png in Resources */,
				92456C9817D19B1B005CB5D4 /* SettingView.xib in Resources */,
				92456C9F17D19CE8005CB5D4 /* more@2x.png in Resources */,
				92456CA317D19EE2005CB5D4 /* LoginView.xib in Resources */,
			);
			runOnlyForDeploymentPostprocessing = 0;
		};
/* End PBXResourcesBuildPhase section */

/* Begin PBXSourcesBuildPhase section */
		924DE99217C737A9008EA392 /* Sources */ = {
			isa = PBXSourcesBuildPhase;
			buildActionMask = 2147483647;
			files = (
				92456CA417D19EF5005CB5D4 /* LoginView.m in Sources */,
				92456C9D17D19CA7005CB5D4 /* LocalConfig.m in Sources */,
				92456C9C17D19BA3005CB5D4 /* SettingModel.m in Sources */,
				92456C9917D19B36005CB5D4 /* SettingView.m in Sources */,
				9214771817D09EF600C0F067 /* MessageCell.m in Sources */,
				9256C27D17CF1E8800DE9AD7 /* XMPPAnonymousAuthentication.h in Sources */,
				9256C27E17CF1E8800DE9AD7 /* XMPPAnonymousAuthentication.m in Sources */,
				9256C27F17CF1E8800DE9AD7 /* XMPPDeprecatedDigestAuthentication.h in Sources */,
				9256C28017CF1E8800DE9AD7 /* XMPPDeprecatedDigestAuthentication.m in Sources */,
				9256C28117CF1E8800DE9AD7 /* XMPPDeprecatedPlainAuthentication.h in Sources */,
				9256C28217CF1E8800DE9AD7 /* XMPPDeprecatedPlainAuthentication.m in Sources */,
				9256C28317CF1E8800DE9AD7 /* XMPPDigestMD5Authentication.h in Sources */,
				9256C28417CF1E8800DE9AD7 /* XMPPDigestMD5Authentication.m in Sources */,
				9256C28517CF1E8800DE9AD7 /* XMPPPlainAuthentication.h in Sources */,
				9256C28617CF1E8800DE9AD7 /* XMPPPlainAuthentication.m in Sources */,
				9256C28717CF1E8800DE9AD7 /* XMPPXFacebookPlatformAuthentication.h in Sources */,
				9256C28817CF1E8800DE9AD7 /* XMPPXFacebookPlatformAuthentication.m in Sources */,
				9256C28917CF1E8800DE9AD7 /* XMPPSASLAuthentication.h in Sources */,
				9256C28A17CF1E8800DE9AD7 /* NSData+XMPP.h in Sources */,
				9256C28B17CF1E8800DE9AD7 /* NSData+XMPP.m in Sources */,
				9256C28C17CF1E8800DE9AD7 /* NSNumber+XMPP.h in Sources */,
				9256C28D17CF1E8800DE9AD7 /* NSNumber+XMPP.m in Sources */,
				9256C28E17CF1E8800DE9AD7 /* NSXMLElement+XMPP.h in Sources */,
				9256C28F17CF1E8800DE9AD7 /* NSXMLElement+XMPP.m in Sources */,
				9256C29017CF1E8800DE9AD7 /* XMPP.h in Sources */,
				9256C29117CF1E8800DE9AD7 /* XMPPElement.h in Sources */,
				9256C29217CF1E8800DE9AD7 /* XMPPElement.m in Sources */,
				9256C29317CF1E8800DE9AD7 /* XMPPFramework.h in Sources */,
				9256C29417CF1E8800DE9AD7 /* XMPPInternal.h in Sources */,
				9256C29517CF1E8800DE9AD7 /* XMPPIQ.h in Sources */,
				9256C29617CF1E8800DE9AD7 /* XMPPIQ.m in Sources */,
				9256C29717CF1E8800DE9AD7 /* XMPPJID.h in Sources */,
				9256C29817CF1E8800DE9AD7 /* XMPPJID.m in Sources */,
				9256C29917CF1E8800DE9AD7 /* XMPPLogging.h in Sources */,
				9256C29A17CF1E8800DE9AD7 /* XMPPMessage.h in Sources */,
				9256C29B17CF1E8800DE9AD7 /* XMPPMessage.m in Sources */,
				9256C29C17CF1E8800DE9AD7 /* XMPPModule.h in Sources */,
				9256C29D17CF1E8800DE9AD7 /* XMPPModule.m in Sources */,
				9256C29E17CF1E8800DE9AD7 /* XMPPParser.h in Sources */,
				9256C29F17CF1E8800DE9AD7 /* XMPPParser.m in Sources */,
				9256C2A017CF1E8800DE9AD7 /* XMPPPresence.h in Sources */,
				9256C2A117CF1E8800DE9AD7 /* XMPPPresence.m in Sources */,
				9256C2A217CF1E8800DE9AD7 /* XMPPStream.h in Sources */,
				9256C2A317CF1E8800DE9AD7 /* XMPPStream.m in Sources */,
				9256C2A417CF1E8800DE9AD7 /* DDList.h in Sources */,
				9256C2A517CF1E8800DE9AD7 /* DDList.m in Sources */,
				9256C2A617CF1E8800DE9AD7 /* GCDMulticastDelegate.h in Sources */,
				9256C2A717CF1E8800DE9AD7 /* GCDMulticastDelegate.m in Sources */,
				9256C2A817CF1E8800DE9AD7 /* LibIDN.h in Sources */,
				9256C2A917CF1E8800DE9AD7 /* LibIDN.m in Sources */,
				9256C2AA17CF1E8800DE9AD7 /* RFImageToDataTransformer.h in Sources */,
				9256C2AB17CF1E8800DE9AD7 /* RFImageToDataTransformer.m in Sources */,
				9256C2AC17CF1E8800DE9AD7 /* XMPPIDTracker.h in Sources */,
				9256C2AD17CF1E8800DE9AD7 /* XMPPIDTracker.m in Sources */,
				9256C2AE17CF1E8800DE9AD7 /* XMPPSRVResolver.h in Sources */,
				9256C2AF17CF1E8800DE9AD7 /* XMPPSRVResolver.m in Sources */,
				9256C2B017CF1E8800DE9AD7 /* GCDAsyncSocket.h in Sources */,
				9256C2B117CF1E8800DE9AD7 /* GCDAsyncSocket.m in Sources */,
				9256C2B217CF1E8800DE9AD7 /* DDAbstractDatabaseLogger.h in Sources */,
				9256C2B317CF1E8800DE9AD7 /* DDAbstractDatabaseLogger.m in Sources */,
				9256C2B417CF1E8800DE9AD7 /* DDASLLogger.h in Sources */,
				9256C2B517CF1E8800DE9AD7 /* DDASLLogger.m in Sources */,
				9256C2B617CF1E8800DE9AD7 /* DDFileLogger.h in Sources */,
				9256C2B717CF1E8800DE9AD7 /* DDFileLogger.m in Sources */,
				9256C2B817CF1E8800DE9AD7 /* DDLog.h in Sources */,
				9256C2B917CF1E8800DE9AD7 /* DDLog.m in Sources */,
				9256C2BA17CF1E8800DE9AD7 /* DDTTYLogger.h in Sources */,
				9256C2BB17CF1E8800DE9AD7 /* DDTTYLogger.m in Sources */,
				9256C2BC17CF1E8800DE9AD7 /* ContextFilterLogFormatter.h in Sources */,
				9256C2BD17CF1E8800DE9AD7 /* ContextFilterLogFormatter.m in Sources */,
				9256C2BE17CF1E8800DE9AD7 /* DispatchQueueLogFormatter.h in Sources */,
				9256C2BF17CF1E8800DE9AD7 /* DispatchQueueLogFormatter.m in Sources */,
				9256C2C017CF1E8800DE9AD7 /* README.txt in Sources */,
				9256C2C117CF1E8800DE9AD7 /* NSString+DDXML.h in Sources */,
				9256C2C217CF1E8800DE9AD7 /* NSString+DDXML.m in Sources */,
				9256C2C317CF1E8800DE9AD7 /* DDXML.h in Sources */,
				9256C2C417CF1E8800DE9AD7 /* DDXMLDocument.h in Sources */,
				9256C2C517CF1E8800DE9AD7 /* DDXMLDocument.m in Sources */,
				9256C2C617CF1E8800DE9AD7 /* DDXMLElement.h in Sources */,
				9256C2C717CF1E8800DE9AD7 /* DDXMLElement.m in Sources */,
				9256C2C817CF1E8800DE9AD7 /* DDXMLNode.h in Sources */,
				9256C2C917CF1E8800DE9AD7 /* DDXMLNode.m in Sources */,
				9256C2CA17CF1E8800DE9AD7 /* DDXMLPrivate.h in Sources */,
				9256C2CB17CF1E8800DE9AD7 /* idn-int.h in Sources */,
				9256C2CC17CF1E8800DE9AD7 /* libidn-1.24.tar.gz in Sources */,
				9256C2CD17CF1E8800DE9AD7 /* libidn.a in Sources */,
				9256C2CE17CF1E8800DE9AD7 /* stringprep.h in Sources */,
				9256C1F017CF1A1B00DE9AD7 /* Statics.m in Sources */,
				924DEB3117C7526D008EA392 /* NewsCell.m in Sources */,
				924DEB3017C75011008EA392 /* JSONKit.m in Sources */,
				924DEB1A17C74E2C008EA392 /* SVProgressHUD.m in Sources */,
				924DEB1617C74831008EA392 /* EGORefreshTableHeaderView.m in Sources */,
				924DEB1517C74756008EA392 /* ListViewController.m in Sources */,
				924DEB1417C74659008EA392 /* NewsBase.m in Sources */,
				924DE9A617C737A9008EA392 /* main.m in Sources */,
				924DE9AA17C737A9008EA392 /* AppDelegate.m in Sources */,
				924DEB1217C745FA008EA392 /* NewsView.m in Sources */,
				924DEB3817C76023008EA392 /* XMPPBase.m in Sources */,
				9218DB0F17D085B60000EA56 /* AFHTTPClient.m in Sources */,
				9218DB1017D085B60000EA56 /* AFHTTPRequestOperation.m in Sources */,
				9218DB1117D085B60000EA56 /* AFImageCache.m in Sources */,
				9218DB1217D085B60000EA56 /* AFImageRequestOperation.m in Sources */,
				9218DB1317D085B60000EA56 /* AFJSONRequestOperation.m in Sources */,
				9218DB1417D085B60000EA56 /* AFNetworkActivityIndicatorManager.m in Sources */,
				9218DB1517D085B60000EA56 /* AFPropertyListRequestOperation.m in Sources */,
				9218DB1617D085B60000EA56 /* AFURLConnectionOperation.m in Sources */,
				9218DB1717D085B60000EA56 /* AFXMLRequestOperation.m in Sources */,
				9218DB1817D085B60000EA56 /* UIImageView+AFNetworking.m in Sources */,
				9218DB1C17D089CA0000EA56 /* Friends.m in Sources */,
				9214770C17D0965800C0F067 /* Chat.m in Sources */,
			);
			runOnlyForDeploymentPostprocessing = 0;
		};
/* End PBXSourcesBuildPhase section */

/* Begin PBXVariantGroup section */
		924DE9A217C737A9008EA392 /* InfoPlist.strings */ = {
			isa = PBXVariantGroup;
			children = (
				924DE9A317C737A9008EA392 /* en */,
			);
			name = InfoPlist.strings;
			sourceTree = "<group>";
		};
		924DE9C017C737AA008EA392 /* InfoPlist.strings */ = {
			isa = PBXVariantGroup;
			children = (
				924DE9C117C737AA008EA392 /* en */,
			);
			name = InfoPlist.strings;
			sourceTree = "<group>";
		};
/* End PBXVariantGroup section */

/* Begin XCBuildConfiguration section */
		924DE9C617C737AA008EA392 /* Debug */ = {
			isa = XCBuildConfiguration;
			buildSettings = {
				ALWAYS_SEARCH_USER_PATHS = NO;
				CLANG_CXX_LANGUAGE_STANDARD = "gnu++0x";
				CLANG_CXX_LIBRARY = "libc++";
				CLANG_ENABLE_OBJC_ARC = NO;
				CLANG_WARN_CONSTANT_CONVERSION = YES;
				CLANG_WARN_EMPTY_BODY = YES;
				CLANG_WARN_ENUM_CONVERSION = YES;
				CLANG_WARN_INT_CONVERSION = YES;
				CLANG_WARN__DUPLICATE_METHOD_MATCH = YES;
				"CODE_SIGN_IDENTITY[sdk=iphoneos*]" = "iPhone Developer";
				COPY_PHASE_STRIP = NO;
				GCC_C_LANGUAGE_STANDARD = gnu99;
				GCC_DYNAMIC_NO_PIC = NO;
				GCC_OPTIMIZATION_LEVEL = 0;
				GCC_PREPROCESSOR_DEFINITIONS = (
					"DEBUG=1",
					"$(inherited)",
				);
				GCC_SYMBOLS_PRIVATE_EXTERN = NO;
				GCC_WARN_ABOUT_RETURN_TYPE = YES;
				GCC_WARN_UNINITIALIZED_AUTOS = YES;
				GCC_WARN_UNUSED_VARIABLE = YES;
				HEADER_SEARCH_PATHS = /usr/include/libxml2;
				IPHONEOS_DEPLOYMENT_TARGET = 6.1;
				ONLY_ACTIVE_ARCH = YES;
				SDKROOT = iphoneos;
			};
			name = Debug;
		};
		924DE9C717C737AA008EA392 /* Release */ = {
			isa = XCBuildConfiguration;
			buildSettings = {
				ALWAYS_SEARCH_USER_PATHS = NO;
				CLANG_CXX_LANGUAGE_STANDARD = "gnu++0x";
				CLANG_CXX_LIBRARY = "libc++";
				CLANG_ENABLE_OBJC_ARC = NO;
				CLANG_WARN_CONSTANT_CONVERSION = YES;
				CLANG_WARN_EMPTY_BODY = YES;
				CLANG_WARN_ENUM_CONVERSION = YES;
				CLANG_WARN_INT_CONVERSION = YES;
				CLANG_WARN__DUPLICATE_METHOD_MATCH = YES;
				"CODE_SIGN_IDENTITY[sdk=iphoneos*]" = "iPhone Developer";
				COPY_PHASE_STRIP = YES;
				GCC_C_LANGUAGE_STANDARD = gnu99;
				GCC_WARN_ABOUT_RETURN_TYPE = YES;
				GCC_WARN_UNINITIALIZED_AUTOS = YES;
				GCC_WARN_UNUSED_VARIABLE = YES;
				HEADER_SEARCH_PATHS = /usr/include/libxml2;
				IPHONEOS_DEPLOYMENT_TARGET = 6.1;
				OTHER_CFLAGS = "-DNS_BLOCK_ASSERTIONS=1";
				SDKROOT = iphoneos;
				VALIDATE_PRODUCT = YES;
			};
			name = Release;
		};
		924DE9C917C737AA008EA392 /* Debug */ = {
			isa = XCBuildConfiguration;
			buildSettings = {
				CLANG_ENABLE_OBJC_ARC = YES;
				GCC_PRECOMPILE_PREFIX_HEADER = YES;
				GCC_PREFIX_HEADER = "iosapp/iosapp-Prefix.pch";
				INFOPLIST_FILE = "iosapp/iosapp-Info.plist";
				IPHONEOS_DEPLOYMENT_TARGET = 5.0;
				LIBRARY_SEARCH_PATHS = (
					"$(inherited)",
					"\"$(SRCROOT)/XMPP/Vendor/libidn\"",
				);
				ONLY_ACTIVE_ARCH = YES;
				PRODUCT_NAME = "$(TARGET_NAME)";
				WRAPPER_EXTENSION = app;
			};
			name = Debug;
		};
		924DE9CA17C737AA008EA392 /* Release */ = {
			isa = XCBuildConfiguration;
			buildSettings = {
				CLANG_ENABLE_OBJC_ARC = YES;
				GCC_PRECOMPILE_PREFIX_HEADER = YES;
				GCC_PREFIX_HEADER = "iosapp/iosapp-Prefix.pch";
				INFOPLIST_FILE = "iosapp/iosapp-Info.plist";
				IPHONEOS_DEPLOYMENT_TARGET = 5.0;
				LIBRARY_SEARCH_PATHS = (
					"$(inherited)",
					"\"$(SRCROOT)/XMPP/Vendor/libidn\"",
				);
				ONLY_ACTIVE_ARCH = NO;
				PRODUCT_NAME = "$(TARGET_NAME)";
				WRAPPER_EXTENSION = app;
			};
			name = Release;
		};
/* End XCBuildConfiguration section */

/* Begin XCConfigurationList section */
		924DE99117C737A9008EA392 /* Build configuration list for PBXProject "iosapp" */ = {
			isa = XCConfigurationList;
			buildConfigurations = (
				924DE9C617C737AA008EA392 /* Debug */,
				924DE9C717C737AA008EA392 /* Release */,
			);
			defaultConfigurationIsVisible = 0;
			defaultConfigurationName = Release;
		};
		924DE9C817C737AA008EA392 /* Build configuration list for PBXNativeTarget "iosapp" */ = {
			isa = XCConfigurationList;
			buildConfigurations = (
				924DE9C917C737AA008EA392 /* Debug */,
				924DE9CA17C737AA008EA392 /* Release */,
			);
			defaultConfigurationIsVisible = 0;
			defaultConfigurationName = Release;
		};
/* End XCConfigurationList section */
	};
	rootObject = 924DE98E17C737A9008EA392 /* Project object */;
}
